// !$*UTF8*$!
{
	archiveVersion = 1;
	classes = {
	};
	objectVersion = 46;
	objects = {

/* Begin PBXBuildFile section */
		9E237A061E3396D300CA2FD1 /* Main.storyboard in Resources */ = {isa = PBXBuildFile; fileRef = 9E237A041E3396D300CA2FD1 /* Main.storyboard */; };
		9E237A081E3396D300CA2FD1 /* Assets.xcassets in Resources */ = {isa = PBXBuildFile; fileRef = 9E237A071E3396D300CA2FD1 /* Assets.xcassets */; };
		9E237A0B1E3396D300CA2FD1 /* LaunchScreen.storyboard in Resources */ = {isa = PBXBuildFile; fileRef = 9E237A091E3396D300CA2FD1 /* LaunchScreen.storyboard */; };
		9E237A161E3396D300CA2FD1 /* GithubItunesViewerTests.swift in Sources */ = {isa = PBXBuildFile; fileRef = 9E237A151E3396D300CA2FD1 /* GithubItunesViewerTests.swift */; };
		9E237A271E33980300CA2FD1 /* AppDelegate.swift in Sources */ = {isa = PBXBuildFile; fileRef = 9E237A261E33980300CA2FD1 /* AppDelegate.swift */; };
		9E237A281E33980300CA2FD1 /* AppDelegate.swift in Sources */ = {isa = PBXBuildFile; fileRef = 9E237A261E33980300CA2FD1 /* AppDelegate.swift */; };
		9E237A311E339BB800CA2FD1 /* Deserializer.swift in Sources */ = {isa = PBXBuildFile; fileRef = 9E237A301E339BB800CA2FD1 /* Deserializer.swift */; };
		9E237A321E339BB800CA2FD1 /* Deserializer.swift in Sources */ = {isa = PBXBuildFile; fileRef = 9E237A301E339BB800CA2FD1 /* Deserializer.swift */; };
		9E237A341E339BFC00CA2FD1 /* JSONDeserializer.swift in Sources */ = {isa = PBXBuildFile; fileRef = 9E237A331E339BFC00CA2FD1 /* JSONDeserializer.swift */; };
		9E237A351E339BFC00CA2FD1 /* JSONDeserializer.swift in Sources */ = {isa = PBXBuildFile; fileRef = 9E237A331E339BFC00CA2FD1 /* JSONDeserializer.swift */; };
		9E237A381E339CCC00CA2FD1 /* NetworkClient.swift in Sources */ = {isa = PBXBuildFile; fileRef = 9E237A371E339CCC00CA2FD1 /* NetworkClient.swift */; };
		9E237A391E339CCC00CA2FD1 /* NetworkClient.swift in Sources */ = {isa = PBXBuildFile; fileRef = 9E237A371E339CCC00CA2FD1 /* NetworkClient.swift */; };
		9E237A3B1E339CFC00CA2FD1 /* NetworkClientImplementation.swift in Sources */ = {isa = PBXBuildFile; fileRef = 9E237A3A1E339CFC00CA2FD1 /* NetworkClientImplementation.swift */; };
		9E237A3C1E339CFC00CA2FD1 /* NetworkClientImplementation.swift in Sources */ = {isa = PBXBuildFile; fileRef = 9E237A3A1E339CFC00CA2FD1 /* NetworkClientImplementation.swift */; };
		9E237A3F1E33A06F00CA2FD1 /* NetworkRequestConstants.swift in Sources */ = {isa = PBXBuildFile; fileRef = 9E237A3E1E33A06F00CA2FD1 /* NetworkRequestConstants.swift */; };
		9E237A401E33A06F00CA2FD1 /* NetworkRequestConstants.swift in Sources */ = {isa = PBXBuildFile; fileRef = 9E237A3E1E33A06F00CA2FD1 /* NetworkRequestConstants.swift */; };
		9E237A431E33A19500CA2FD1 /* RequestBuilderConfiguration.swift in Sources */ = {isa = PBXBuildFile; fileRef = 9E237A421E33A19500CA2FD1 /* RequestBuilderConfiguration.swift */; };
		9E237A441E33A19500CA2FD1 /* RequestBuilderConfiguration.swift in Sources */ = {isa = PBXBuildFile; fileRef = 9E237A421E33A19500CA2FD1 /* RequestBuilderConfiguration.swift */; };
		9E237A461E33A32F00CA2FD1 /* RequestBuilder.swift in Sources */ = {isa = PBXBuildFile; fileRef = 9E237A451E33A32F00CA2FD1 /* RequestBuilder.swift */; };
		9E237A471E33A32F00CA2FD1 /* RequestBuilder.swift in Sources */ = {isa = PBXBuildFile; fileRef = 9E237A451E33A32F00CA2FD1 /* RequestBuilder.swift */; };
		9E237A491E33A37100CA2FD1 /* RequestBuilderImplementation.swift in Sources */ = {isa = PBXBuildFile; fileRef = 9E237A481E33A37100CA2FD1 /* RequestBuilderImplementation.swift */; };
		9E237A4A1E33A37100CA2FD1 /* RequestBuilderImplementation.swift in Sources */ = {isa = PBXBuildFile; fileRef = 9E237A481E33A37100CA2FD1 /* RequestBuilderImplementation.swift */; };
		9E237A4D1E33A6CB00CA2FD1 /* URLBuilder.swift in Sources */ = {isa = PBXBuildFile; fileRef = 9E237A4C1E33A6CB00CA2FD1 /* URLBuilder.swift */; };
		9E237A4E1E33A6CB00CA2FD1 /* URLBuilder.swift in Sources */ = {isa = PBXBuildFile; fileRef = 9E237A4C1E33A6CB00CA2FD1 /* URLBuilder.swift */; };
		9E237A501E33A79800CA2FD1 /* URLBuilderImplementation.swift in Sources */ = {isa = PBXBuildFile; fileRef = 9E237A4F1E33A79800CA2FD1 /* URLBuilderImplementation.swift */; };
		9E237A511E33A79800CA2FD1 /* URLBuilderImplementation.swift in Sources */ = {isa = PBXBuildFile; fileRef = 9E237A4F1E33A79800CA2FD1 /* URLBuilderImplementation.swift */; };
		9E237A531E33A80B00CA2FD1 /* URLParametersTransformable.swift in Sources */ = {isa = PBXBuildFile; fileRef = 9E237A521E33A80B00CA2FD1 /* URLParametersTransformable.swift */; };
		9E237A541E33A80B00CA2FD1 /* URLParametersTransformable.swift in Sources */ = {isa = PBXBuildFile; fileRef = 9E237A521E33A80B00CA2FD1 /* URLParametersTransformable.swift */; };
		9E237A561E33A89700CA2FD1 /* NetworkRequestErrors.swift in Sources */ = {isa = PBXBuildFile; fileRef = 9E237A551E33A89700CA2FD1 /* NetworkRequestErrors.swift */; };
		9E237A571E33A89700CA2FD1 /* NetworkRequestErrors.swift in Sources */ = {isa = PBXBuildFile; fileRef = 9E237A551E33A89700CA2FD1 /* NetworkRequestErrors.swift */; };
		9E237A5E1E33AC6A00CA2FD1 /* GithubRepositorySearchConfiguration.swift in Sources */ = {isa = PBXBuildFile; fileRef = 9E237A5D1E33AC6A00CA2FD1 /* GithubRepositorySearchConfiguration.swift */; };
		9E237A5F1E33AC6A00CA2FD1 /* GithubRepositorySearchConfiguration.swift in Sources */ = {isa = PBXBuildFile; fileRef = 9E237A5D1E33AC6A00CA2FD1 /* GithubRepositorySearchConfiguration.swift */; };
		9E237A651E33B4E800CA2FD1 /* GithubRepository.swift in Sources */ = {isa = PBXBuildFile; fileRef = 9E237A641E33B4E800CA2FD1 /* GithubRepository.swift */; };
		9E237A661E33B4E800CA2FD1 /* GithubRepository.swift in Sources */ = {isa = PBXBuildFile; fileRef = 9E237A641E33B4E800CA2FD1 /* GithubRepository.swift */; };
		9E237A691E33B5A200CA2FD1 /* GithubMapper.swift in Sources */ = {isa = PBXBuildFile; fileRef = 9E237A681E33B5A200CA2FD1 /* GithubMapper.swift */; };
		9E237A6A1E33B5A200CA2FD1 /* GithubMapper.swift in Sources */ = {isa = PBXBuildFile; fileRef = 9E237A681E33B5A200CA2FD1 /* GithubMapper.swift */; };
		9E237A6C1E33B5D500CA2FD1 /* GithubMapperImplementation.swift in Sources */ = {isa = PBXBuildFile; fileRef = 9E237A6B1E33B5D500CA2FD1 /* GithubMapperImplementation.swift */; };
		9E237A6D1E33B5D500CA2FD1 /* GithubMapperImplementation.swift in Sources */ = {isa = PBXBuildFile; fileRef = 9E237A6B1E33B5D500CA2FD1 /* GithubMapperImplementation.swift */; };
		9E237A701E33E3FF00CA2FD1 /* ViewControllerEmbedding.swift in Sources */ = {isa = PBXBuildFile; fileRef = 9E237A6F1E33E3FF00CA2FD1 /* ViewControllerEmbedding.swift */; };
		9E237A711E33E3FF00CA2FD1 /* ViewControllerEmbedding.swift in Sources */ = {isa = PBXBuildFile; fileRef = 9E237A6F1E33E3FF00CA2FD1 /* ViewControllerEmbedding.swift */; };
		9E237A741E33EA3B00CA2FD1 /* UIViewController.swift in Sources */ = {isa = PBXBuildFile; fileRef = 9E237A731E33EA3B00CA2FD1 /* UIViewController.swift */; };
		9E237A751E33EA3B00CA2FD1 /* UIViewController.swift in Sources */ = {isa = PBXBuildFile; fileRef = 9E237A731E33EA3B00CA2FD1 /* UIViewController.swift */; };
		9E237A781E33EBE900CA2FD1 /* MainRouterInput.swift in Sources */ = {isa = PBXBuildFile; fileRef = 9E237A771E33EBE900CA2FD1 /* MainRouterInput.swift */; };
		9E237A791E33EBE900CA2FD1 /* MainRouterInput.swift in Sources */ = {isa = PBXBuildFile; fileRef = 9E237A771E33EBE900CA2FD1 /* MainRouterInput.swift */; };
		9E237A7B1E33EC2500CA2FD1 /* MainRouter.swift in Sources */ = {isa = PBXBuildFile; fileRef = 9E237A7A1E33EC2500CA2FD1 /* MainRouter.swift */; };
		9E237A7C1E33EC2500CA2FD1 /* MainRouter.swift in Sources */ = {isa = PBXBuildFile; fileRef = 9E237A7A1E33EC2500CA2FD1 /* MainRouter.swift */; };
		9E237A801E33ED2300CA2FD1 /* GithubViewController.swift in Sources */ = {isa = PBXBuildFile; fileRef = 9E237A7F1E33ED2300CA2FD1 /* GithubViewController.swift */; };
		9E237A811E33ED2300CA2FD1 /* GithubViewController.swift in Sources */ = {isa = PBXBuildFile; fileRef = 9E237A7F1E33ED2300CA2FD1 /* GithubViewController.swift */; };
		9E237A841E33ED9D00CA2FD1 /* ApplicationAssembly.swift in Sources */ = {isa = PBXBuildFile; fileRef = 9E237A831E33ED9D00CA2FD1 /* ApplicationAssembly.swift */; };
		9E237A851E33ED9D00CA2FD1 /* ApplicationAssembly.swift in Sources */ = {isa = PBXBuildFile; fileRef = 9E237A831E33ED9D00CA2FD1 /* ApplicationAssembly.swift */; };
		9E237A871E33FFA100CA2FD1 /* GithubViewInput.swift in Sources */ = {isa = PBXBuildFile; fileRef = 9E237A861E33FFA100CA2FD1 /* GithubViewInput.swift */; };
		9E237A881E33FFA100CA2FD1 /* GithubViewInput.swift in Sources */ = {isa = PBXBuildFile; fileRef = 9E237A861E33FFA100CA2FD1 /* GithubViewInput.swift */; };
		9E237A8B1E3405CD00CA2FD1 /* MainViewController.swift in Sources */ = {isa = PBXBuildFile; fileRef = 9E237A8A1E3405CD00CA2FD1 /* MainViewController.swift */; };
		9E237A8C1E3405CD00CA2FD1 /* MainViewController.swift in Sources */ = {isa = PBXBuildFile; fileRef = 9E237A8A1E3405CD00CA2FD1 /* MainViewController.swift */; };
		9E237A8E1E34068700CA2FD1 /* MainViewInput.swift in Sources */ = {isa = PBXBuildFile; fileRef = 9E237A8D1E34068700CA2FD1 /* MainViewInput.swift */; };
		9E237A8F1E34068700CA2FD1 /* MainViewInput.swift in Sources */ = {isa = PBXBuildFile; fileRef = 9E237A8D1E34068700CA2FD1 /* MainViewInput.swift */; };
		9E237A911E34069800CA2FD1 /* MainViewOutput.swift in Sources */ = {isa = PBXBuildFile; fileRef = 9E237A901E34069800CA2FD1 /* MainViewOutput.swift */; };
		9E237A921E34069800CA2FD1 /* MainViewOutput.swift in Sources */ = {isa = PBXBuildFile; fileRef = 9E237A901E34069800CA2FD1 /* MainViewOutput.swift */; };
		9E237A951E34086300CA2FD1 /* MainPresenter.swift in Sources */ = {isa = PBXBuildFile; fileRef = 9E237A941E34086300CA2FD1 /* MainPresenter.swift */; };
		9E237A961E34086300CA2FD1 /* MainPresenter.swift in Sources */ = {isa = PBXBuildFile; fileRef = 9E237A941E34086300CA2FD1 /* MainPresenter.swift */; };
		9E237A9B1E34099600CA2FD1 /* ITunesViewController.swift in Sources */ = {isa = PBXBuildFile; fileRef = 9E237A9A1E34099600CA2FD1 /* ITunesViewController.swift */; };
		9E237A9C1E34099600CA2FD1 /* ITunesViewController.swift in Sources */ = {isa = PBXBuildFile; fileRef = 9E237A9A1E34099600CA2FD1 /* ITunesViewController.swift */; };
		9E237A9E1E3409A700CA2FD1 /* ITunesViewInput.swift in Sources */ = {isa = PBXBuildFile; fileRef = 9E237A9D1E3409A700CA2FD1 /* ITunesViewInput.swift */; };
		9E237A9F1E3409A700CA2FD1 /* ITunesViewInput.swift in Sources */ = {isa = PBXBuildFile; fileRef = 9E237A9D1E3409A700CA2FD1 /* ITunesViewInput.swift */; };
		9E237AA21E340C9E00CA2FD1 /* AssemblyFactory.swift in Sources */ = {isa = PBXBuildFile; fileRef = 9E237AA11E340C9E00CA2FD1 /* AssemblyFactory.swift */; };
		9E237AA31E340C9E00CA2FD1 /* AssemblyFactory.swift in Sources */ = {isa = PBXBuildFile; fileRef = 9E237AA11E340C9E00CA2FD1 /* AssemblyFactory.swift */; };
		9E237AA61E340DB100CA2FD1 /* MainAssembly.swift in Sources */ = {isa = PBXBuildFile; fileRef = 9E237AA51E340DB100CA2FD1 /* MainAssembly.swift */; };
		9E237AA71E340DB100CA2FD1 /* MainAssembly.swift in Sources */ = {isa = PBXBuildFile; fileRef = 9E237AA51E340DB100CA2FD1 /* MainAssembly.swift */; };
		9E237AAA1E340DF400CA2FD1 /* GithubAssembly.swift in Sources */ = {isa = PBXBuildFile; fileRef = 9E237AA91E340DF400CA2FD1 /* GithubAssembly.swift */; };
		9E237AAB1E340DF400CA2FD1 /* GithubAssembly.swift in Sources */ = {isa = PBXBuildFile; fileRef = 9E237AA91E340DF400CA2FD1 /* GithubAssembly.swift */; };
		9E237AAE1E340E8E00CA2FD1 /* ITunesAssembly.swift in Sources */ = {isa = PBXBuildFile; fileRef = 9E237AAD1E340E8E00CA2FD1 /* ITunesAssembly.swift */; };
		9E237AAF1E340E8E00CA2FD1 /* ITunesAssembly.swift in Sources */ = {isa = PBXBuildFile; fileRef = 9E237AAD1E340E8E00CA2FD1 /* ITunesAssembly.swift */; };
		9E237AB11E340EBD00CA2FD1 /* ITunesAssemblyImplementation.swift in Sources */ = {isa = PBXBuildFile; fileRef = 9E237AB01E340EBD00CA2FD1 /* ITunesAssemblyImplementation.swift */; };
		9E237AB21E340EBD00CA2FD1 /* ITunesAssemblyImplementation.swift in Sources */ = {isa = PBXBuildFile; fileRef = 9E237AB01E340EBD00CA2FD1 /* ITunesAssemblyImplementation.swift */; };
		9E237AB41E34105400CA2FD1 /* GithubAssemblyImplementation.swift in Sources */ = {isa = PBXBuildFile; fileRef = 9E237AB31E34105400CA2FD1 /* GithubAssemblyImplementation.swift */; };
		9E237AB51E34105400CA2FD1 /* GithubAssemblyImplementation.swift in Sources */ = {isa = PBXBuildFile; fileRef = 9E237AB31E34105400CA2FD1 /* GithubAssemblyImplementation.swift */; };
		9E237AB71E34108A00CA2FD1 /* MainAssemblyImplementation.swift in Sources */ = {isa = PBXBuildFile; fileRef = 9E237AB61E34108A00CA2FD1 /* MainAssemblyImplementation.swift */; };
		9E237AB81E34108A00CA2FD1 /* MainAssemblyImplementation.swift in Sources */ = {isa = PBXBuildFile; fileRef = 9E237AB61E34108A00CA2FD1 /* MainAssemblyImplementation.swift */; };
		9E237ABA1E34139500CA2FD1 /* AssemblyFactoryImplementation.swift in Sources */ = {isa = PBXBuildFile; fileRef = 9E237AB91E34139500CA2FD1 /* AssemblyFactoryImplementation.swift */; };
		9E237ABB1E34139500CA2FD1 /* AssemblyFactoryImplementation.swift in Sources */ = {isa = PBXBuildFile; fileRef = 9E237AB91E34139500CA2FD1 /* AssemblyFactoryImplementation.swift */; };
		9E237ABD1E3419F300CA2FD1 /* MainModuleOutput.swift in Sources */ = {isa = PBXBuildFile; fileRef = 9E237ABC1E3419F300CA2FD1 /* MainModuleOutput.swift */; };
		9E237ABE1E3419F300CA2FD1 /* MainModuleOutput.swift in Sources */ = {isa = PBXBuildFile; fileRef = 9E237ABC1E3419F300CA2FD1 /* MainModuleOutput.swift */; };
		9E237AC11E341A3600CA2FD1 /* GithubPresenter.swift in Sources */ = {isa = PBXBuildFile; fileRef = 9E237AC01E341A3600CA2FD1 /* GithubPresenter.swift */; };
		9E237AC21E341A3600CA2FD1 /* GithubPresenter.swift in Sources */ = {isa = PBXBuildFile; fileRef = 9E237AC01E341A3600CA2FD1 /* GithubPresenter.swift */; };
		9E237AC41E341A8F00CA2FD1 /* GithubViewOutput.swift in Sources */ = {isa = PBXBuildFile; fileRef = 9E237AC31E341A8F00CA2FD1 /* GithubViewOutput.swift */; };
		9E237AC51E341A8F00CA2FD1 /* GithubViewOutput.swift in Sources */ = {isa = PBXBuildFile; fileRef = 9E237AC31E341A8F00CA2FD1 /* GithubViewOutput.swift */; };
		9E237AC71E341CE100CA2FD1 /* MainModuleInputProvider.swift in Sources */ = {isa = PBXBuildFile; fileRef = 9E237AC61E341CE100CA2FD1 /* MainModuleInputProvider.swift */; };
		9E237AC81E341CE100CA2FD1 /* MainModuleInputProvider.swift in Sources */ = {isa = PBXBuildFile; fileRef = 9E237AC61E341CE100CA2FD1 /* MainModuleInputProvider.swift */; };
		9E237ACA1E341F3200CA2FD1 /* MainModuleInput.swift in Sources */ = {isa = PBXBuildFile; fileRef = 9E237AC91E341F3200CA2FD1 /* MainModuleInput.swift */; };
		9E237ACB1E341F3200CA2FD1 /* MainModuleInput.swift in Sources */ = {isa = PBXBuildFile; fileRef = 9E237AC91E341F3200CA2FD1 /* MainModuleInput.swift */; };
		9E237ACD1E34224900CA2FD1 /* MainModuleOutputProvider.swift in Sources */ = {isa = PBXBuildFile; fileRef = 9E237ACC1E34224900CA2FD1 /* MainModuleOutputProvider.swift */; };
		9E237ACE1E34224900CA2FD1 /* MainModuleOutputProvider.swift in Sources */ = {isa = PBXBuildFile; fileRef = 9E237ACC1E34224900CA2FD1 /* MainModuleOutputProvider.swift */; };
		9E237AD11E34299800CA2FD1 /* ServiceAssembly.swift in Sources */ = {isa = PBXBuildFile; fileRef = 9E237AD01E34299800CA2FD1 /* ServiceAssembly.swift */; };
		9E237AD21E34299800CA2FD1 /* ServiceAssembly.swift in Sources */ = {isa = PBXBuildFile; fileRef = 9E237AD01E34299800CA2FD1 /* ServiceAssembly.swift */; };
		9E237AD51E342A1100CA2FD1 /* GithubService.swift in Sources */ = {isa = PBXBuildFile; fileRef = 9E237AD41E342A1100CA2FD1 /* GithubService.swift */; };
		9E237AD61E342A1100CA2FD1 /* GithubService.swift in Sources */ = {isa = PBXBuildFile; fileRef = 9E237AD41E342A1100CA2FD1 /* GithubService.swift */; };
		9E237AD91E342A3C00CA2FD1 /* CoreAssembly.swift in Sources */ = {isa = PBXBuildFile; fileRef = 9E237AD81E342A3C00CA2FD1 /* CoreAssembly.swift */; };
		9E237ADA1E342A3C00CA2FD1 /* CoreAssembly.swift in Sources */ = {isa = PBXBuildFile; fileRef = 9E237AD81E342A3C00CA2FD1 /* CoreAssembly.swift */; };
		9E237ADC1E342AC200CA2FD1 /* CoreAssemblyImplementation.swift in Sources */ = {isa = PBXBuildFile; fileRef = 9E237ADB1E342AC200CA2FD1 /* CoreAssemblyImplementation.swift */; };
		9E237ADD1E342AC200CA2FD1 /* CoreAssemblyImplementation.swift in Sources */ = {isa = PBXBuildFile; fileRef = 9E237ADB1E342AC200CA2FD1 /* CoreAssemblyImplementation.swift */; };
		9E237ADF1E342B9A00CA2FD1 /* ServiceAssemblyImplementation.swift in Sources */ = {isa = PBXBuildFile; fileRef = 9E237ADE1E342B9A00CA2FD1 /* ServiceAssemblyImplementation.swift */; };
		9E237AE01E342B9A00CA2FD1 /* ServiceAssemblyImplementation.swift in Sources */ = {isa = PBXBuildFile; fileRef = 9E237ADE1E342B9A00CA2FD1 /* ServiceAssemblyImplementation.swift */; };
		9E237AE21E342BE400CA2FD1 /* GithubServiceImplementation.swift in Sources */ = {isa = PBXBuildFile; fileRef = 9E237AE11E342BE400CA2FD1 /* GithubServiceImplementation.swift */; };
		9E237AE31E342BE400CA2FD1 /* GithubServiceImplementation.swift in Sources */ = {isa = PBXBuildFile; fileRef = 9E237AE11E342BE400CA2FD1 /* GithubServiceImplementation.swift */; };
		9E237AEA1E342DFB00CA2FD1 /* GithubInteractorInput.swift in Sources */ = {isa = PBXBuildFile; fileRef = 9E237AE91E342DFB00CA2FD1 /* GithubInteractorInput.swift */; };
		9E237AEB1E342DFB00CA2FD1 /* GithubInteractorInput.swift in Sources */ = {isa = PBXBuildFile; fileRef = 9E237AE91E342DFB00CA2FD1 /* GithubInteractorInput.swift */; };
		9E237AED1E342E4600CA2FD1 /* GithubInteractorOutput.swift in Sources */ = {isa = PBXBuildFile; fileRef = 9E237AEC1E342E4600CA2FD1 /* GithubInteractorOutput.swift */; };
		9E237AEE1E342E4600CA2FD1 /* GithubInteractorOutput.swift in Sources */ = {isa = PBXBuildFile; fileRef = 9E237AEC1E342E4600CA2FD1 /* GithubInteractorOutput.swift */; };
		9E237AF01E342EC500CA2FD1 /* GithubInteractor.swift in Sources */ = {isa = PBXBuildFile; fileRef = 9E237AEF1E342EC500CA2FD1 /* GithubInteractor.swift */; };
		9E237AF11E342EC500CA2FD1 /* GithubInteractor.swift in Sources */ = {isa = PBXBuildFile; fileRef = 9E237AEF1E342EC500CA2FD1 /* GithubInteractor.swift */; };
		9E237AF41E3438E300CA2FD1 /* Throttler.swift in Sources */ = {isa = PBXBuildFile; fileRef = 9E237AF31E3438E300CA2FD1 /* Throttler.swift */; };
		9E237AF51E3438E300CA2FD1 /* Throttler.swift in Sources */ = {isa = PBXBuildFile; fileRef = 9E237AF31E3438E300CA2FD1 /* Throttler.swift */; };
		9E237AF71E34396200CA2FD1 /* ThrottlerImplementation.swift in Sources */ = {isa = PBXBuildFile; fileRef = 9E237AF61E34396200CA2FD1 /* ThrottlerImplementation.swift */; };
		9E237AF81E34396200CA2FD1 /* ThrottlerImplementation.swift in Sources */ = {isa = PBXBuildFile; fileRef = 9E237AF61E34396200CA2FD1 /* ThrottlerImplementation.swift */; };
		9E237AFB1E343B9D00CA2FD1 /* HelperAssembly.swift in Sources */ = {isa = PBXBuildFile; fileRef = 9E237AFA1E343B9D00CA2FD1 /* HelperAssembly.swift */; };
		9E237AFC1E343B9D00CA2FD1 /* HelperAssembly.swift in Sources */ = {isa = PBXBuildFile; fileRef = 9E237AFA1E343B9D00CA2FD1 /* HelperAssembly.swift */; };
		9E237AFE1E343BB700CA2FD1 /* HelperAssemblyImplementation.swift in Sources */ = {isa = PBXBuildFile; fileRef = 9E237AFD1E343BB700CA2FD1 /* HelperAssemblyImplementation.swift */; };
		9E237AFF1E343BB700CA2FD1 /* HelperAssemblyImplementation.swift in Sources */ = {isa = PBXBuildFile; fileRef = 9E237AFD1E343BB700CA2FD1 /* HelperAssemblyImplementation.swift */; };
		9E237B011E34B43E00CA2FD1 /* Dictionary.swift in Sources */ = {isa = PBXBuildFile; fileRef = 9E237B001E34B43E00CA2FD1 /* Dictionary.swift */; };
		9E237B021E34B43E00CA2FD1 /* Dictionary.swift in Sources */ = {isa = PBXBuildFile; fileRef = 9E237B001E34B43E00CA2FD1 /* Dictionary.swift */; };
		9E237B051E34C59300CA2FD1 /* ConfigurableCell.swift in Sources */ = {isa = PBXBuildFile; fileRef = 9E237B041E34C59300CA2FD1 /* ConfigurableCell.swift */; };
		9E237B061E34C59300CA2FD1 /* ConfigurableCell.swift in Sources */ = {isa = PBXBuildFile; fileRef = 9E237B041E34C59300CA2FD1 /* ConfigurableCell.swift */; };
		9E237B091E34C6FA00CA2FD1 /* GithubDataDisplayManager.swift in Sources */ = {isa = PBXBuildFile; fileRef = 9E237B081E34C6FA00CA2FD1 /* GithubDataDisplayManager.swift */; };
		9E237B0A1E34C6FA00CA2FD1 /* GithubDataDisplayManager.swift in Sources */ = {isa = PBXBuildFile; fileRef = 9E237B081E34C6FA00CA2FD1 /* GithubDataDisplayManager.swift */; };
		9E237B0D1E34C77200CA2FD1 /* GithubViewModelFactory.swift in Sources */ = {isa = PBXBuildFile; fileRef = 9E237B0C1E34C77200CA2FD1 /* GithubViewModelFactory.swift */; };
		9E237B0E1E34C77200CA2FD1 /* GithubViewModelFactory.swift in Sources */ = {isa = PBXBuildFile; fileRef = 9E237B0C1E34C77200CA2FD1 /* GithubViewModelFactory.swift */; };
		9E237B111E34C8B900CA2FD1 /* RightDescriptionCell.swift in Sources */ = {isa = PBXBuildFile; fileRef = 9E237B101E34C8B900CA2FD1 /* RightDescriptionCell.swift */; };
		9E237B121E34C8B900CA2FD1 /* RightDescriptionCell.swift in Sources */ = {isa = PBXBuildFile; fileRef = 9E237B101E34C8B900CA2FD1 /* RightDescriptionCell.swift */; };
		9E237B161E34C90800CA2FD1 /* LeftDescriptionCell.swift in Sources */ = {isa = PBXBuildFile; fileRef = 9E237B151E34C90800CA2FD1 /* LeftDescriptionCell.swift */; };
		9E237B171E34C90800CA2FD1 /* LeftDescriptionCell.swift in Sources */ = {isa = PBXBuildFile; fileRef = 9E237B151E34C90800CA2FD1 /* LeftDescriptionCell.swift */; };
		9E237B191E34C93600CA2FD1 /* LeftDescriptionCell.xib in Resources */ = {isa = PBXBuildFile; fileRef = 9E237B181E34C93600CA2FD1 /* LeftDescriptionCell.xib */; };
		9E237B1A1E34C93600CA2FD1 /* LeftDescriptionCell.xib in Resources */ = {isa = PBXBuildFile; fileRef = 9E237B181E34C93600CA2FD1 /* LeftDescriptionCell.xib */; };
		9E237B1C1E34C94300CA2FD1 /* RightDescriptionCell.xib in Resources */ = {isa = PBXBuildFile; fileRef = 9E237B1B1E34C94300CA2FD1 /* RightDescriptionCell.xib */; };
		9E237B1D1E34C94300CA2FD1 /* RightDescriptionCell.xib in Resources */ = {isa = PBXBuildFile; fileRef = 9E237B1B1E34C94300CA2FD1 /* RightDescriptionCell.xib */; };
		9E237B201E34C9BF00CA2FD1 /* GithubRepositoryViewModel.swift in Sources */ = {isa = PBXBuildFile; fileRef = 9E237B1F1E34C9BF00CA2FD1 /* GithubRepositoryViewModel.swift */; };
		9E237B211E34C9BF00CA2FD1 /* GithubRepositoryViewModel.swift in Sources */ = {isa = PBXBuildFile; fileRef = 9E237B1F1E34C9BF00CA2FD1 /* GithubRepositoryViewModel.swift */; };
		9E237B231E34CA5A00CA2FD1 /* GithubViewModelFactoryImplementation.swift in Sources */ = {isa = PBXBuildFile; fileRef = 9E237B221E34CA5A00CA2FD1 /* GithubViewModelFactoryImplementation.swift */; };
		9E237B241E34CA5A00CA2FD1 /* GithubViewModelFactoryImplementation.swift in Sources */ = {isa = PBXBuildFile; fileRef = 9E237B221E34CA5A00CA2FD1 /* GithubViewModelFactoryImplementation.swift */; };
		9E237B261E34CC6E00CA2FD1 /* GithubDataDisplayManagerImplementation.swift in Sources */ = {isa = PBXBuildFile; fileRef = 9E237B251E34CC6E00CA2FD1 /* GithubDataDisplayManagerImplementation.swift */; };
		9E237B271E34CC6E00CA2FD1 /* GithubDataDisplayManagerImplementation.swift in Sources */ = {isa = PBXBuildFile; fileRef = 9E237B251E34CC6E00CA2FD1 /* GithubDataDisplayManagerImplementation.swift */; };
		9E237B2A1E34D24700CA2FD1 /* TableViewDataDisplayManager.swift in Sources */ = {isa = PBXBuildFile; fileRef = 9E237B291E34D24700CA2FD1 /* TableViewDataDisplayManager.swift */; };
		9E237B2B1E34D24700CA2FD1 /* TableViewDataDisplayManager.swift in Sources */ = {isa = PBXBuildFile; fileRef = 9E237B291E34D24700CA2FD1 /* TableViewDataDisplayManager.swift */; };
		9E237B3A1E34ECB000CA2FD1 /* ImageDownloaderService.swift in Sources */ = {isa = PBXBuildFile; fileRef = 9E237B391E34ECB000CA2FD1 /* ImageDownloaderService.swift */; };
		9E237B3B1E34ECB000CA2FD1 /* ImageDownloaderService.swift in Sources */ = {isa = PBXBuildFile; fileRef = 9E237B391E34ECB000CA2FD1 /* ImageDownloaderService.swift */; };
		9E237B3D1E34ED6E00CA2FD1 /* ImageDownloaderServiceImplementation.swift in Sources */ = {isa = PBXBuildFile; fileRef = 9E237B3C1E34ED6E00CA2FD1 /* ImageDownloaderServiceImplementation.swift */; };
		9E237B3E1E34ED6E00CA2FD1 /* ImageDownloaderServiceImplementation.swift in Sources */ = {isa = PBXBuildFile; fileRef = 9E237B3C1E34ED6E00CA2FD1 /* ImageDownloaderServiceImplementation.swift */; };
		9E237B401E34F33400CA2FD1 /* ImageDownloaderConfiguration.swift in Sources */ = {isa = PBXBuildFile; fileRef = 9E237B3F1E34F33400CA2FD1 /* ImageDownloaderConfiguration.swift */; };
		9E237B411E34F33400CA2FD1 /* ImageDownloaderConfiguration.swift in Sources */ = {isa = PBXBuildFile; fileRef = 9E237B3F1E34F33400CA2FD1 /* ImageDownloaderConfiguration.swift */; };
		9E237B441E34F49900CA2FD1 /* ImageCellDelegate.swift in Sources */ = {isa = PBXBuildFile; fileRef = 9E237B431E34F49900CA2FD1 /* ImageCellDelegate.swift */; };
		9E237B451E34F49900CA2FD1 /* ImageCellDelegate.swift in Sources */ = {isa = PBXBuildFile; fileRef = 9E237B431E34F49900CA2FD1 /* ImageCellDelegate.swift */; };
/* End PBXBuildFile section */

/* Begin PBXContainerItemProxy section */
		9E237A121E3396D300CA2FD1 /* PBXContainerItemProxy */ = {
			isa = PBXContainerItemProxy;
			containerPortal = 9E2379F51E3396D300CA2FD1 /* Project object */;
			proxyType = 1;
			remoteGlobalIDString = 9E2379FC1E3396D300CA2FD1;
			remoteInfo = GithubItunesViewer;
		};
/* End PBXContainerItemProxy section */

/* Begin PBXFileReference section */
		9E2379FD1E3396D300CA2FD1 /* GithubItunesViewer.app */ = {isa = PBXFileReference; explicitFileType = wrapper.application; includeInIndex = 0; path = GithubItunesViewer.app; sourceTree = BUILT_PRODUCTS_DIR; };
		9E237A051E3396D300CA2FD1 /* Base */ = {isa = PBXFileReference; lastKnownFileType = file.storyboard; name = Base; path = Base.lproj/Main.storyboard; sourceTree = "<group>"; };
		9E237A071E3396D300CA2FD1 /* Assets.xcassets */ = {isa = PBXFileReference; lastKnownFileType = folder.assetcatalog; path = Assets.xcassets; sourceTree = "<group>"; };
		9E237A0A1E3396D300CA2FD1 /* Base */ = {isa = PBXFileReference; lastKnownFileType = file.storyboard; name = Base; path = Base.lproj/LaunchScreen.storyboard; sourceTree = "<group>"; };
		9E237A0C1E3396D300CA2FD1 /* Info.plist */ = {isa = PBXFileReference; lastKnownFileType = text.plist.xml; path = Info.plist; sourceTree = "<group>"; };
		9E237A111E3396D300CA2FD1 /* GithubItunesViewerTests.xctest */ = {isa = PBXFileReference; explicitFileType = wrapper.cfbundle; includeInIndex = 0; path = GithubItunesViewerTests.xctest; sourceTree = BUILT_PRODUCTS_DIR; };
		9E237A151E3396D300CA2FD1 /* GithubItunesViewerTests.swift */ = {isa = PBXFileReference; lastKnownFileType = sourcecode.swift; path = GithubItunesViewerTests.swift; sourceTree = "<group>"; };
		9E237A171E3396D300CA2FD1 /* Info.plist */ = {isa = PBXFileReference; lastKnownFileType = text.plist.xml; path = Info.plist; sourceTree = "<group>"; };
		9E237A261E33980300CA2FD1 /* AppDelegate.swift */ = {isa = PBXFileReference; fileEncoding = 4; lastKnownFileType = sourcecode.swift; name = AppDelegate.swift; path = Classes/ApplicationLayer/AppDelegate.swift; sourceTree = "<group>"; };
		9E237A301E339BB800CA2FD1 /* Deserializer.swift */ = {isa = PBXFileReference; fileEncoding = 4; lastKnownFileType = sourcecode.swift; name = Deserializer.swift; path = Classes/CoreLayer/Deserializer/Deserializer.swift; sourceTree = "<group>"; };
		9E237A331E339BFC00CA2FD1 /* JSONDeserializer.swift */ = {isa = PBXFileReference; fileEncoding = 4; lastKnownFileType = sourcecode.swift; name = JSONDeserializer.swift; path = Classes/CoreLayer/Deserializer/JSONDeserializer.swift; sourceTree = "<group>"; };
		9E237A371E339CCC00CA2FD1 /* NetworkClient.swift */ = {isa = PBXFileReference; fileEncoding = 4; lastKnownFileType = sourcecode.swift; name = NetworkClient.swift; path = Classes/CoreLayer/NetworkClient/NetworkClient.swift; sourceTree = "<group>"; };
		9E237A3A1E339CFC00CA2FD1 /* NetworkClientImplementation.swift */ = {isa = PBXFileReference; fileEncoding = 4; lastKnownFileType = sourcecode.swift; name = NetworkClientImplementation.swift; path = Classes/CoreLayer/NetworkClient/NetworkClientImplementation.swift; sourceTree = "<group>"; };
		9E237A3E1E33A06F00CA2FD1 /* NetworkRequestConstants.swift */ = {isa = PBXFileReference; fileEncoding = 4; lastKnownFileType = sourcecode.swift; name = NetworkRequestConstants.swift; path = Classes/CoreLayer/RequestBuilder/NetworkRequestConstants.swift; sourceTree = "<group>"; };
		9E237A421E33A19500CA2FD1 /* RequestBuilderConfiguration.swift */ = {isa = PBXFileReference; fileEncoding = 4; lastKnownFileType = sourcecode.swift; name = RequestBuilderConfiguration.swift; path = Classes/CoreLayer/RequestBuilder/RequestBuilderConfiguration.swift; sourceTree = "<group>"; };
		9E237A451E33A32F00CA2FD1 /* RequestBuilder.swift */ = {isa = PBXFileReference; fileEncoding = 4; lastKnownFileType = sourcecode.swift; name = RequestBuilder.swift; path = Classes/CoreLayer/RequestBuilder/RequestBuilder.swift; sourceTree = "<group>"; };
		9E237A481E33A37100CA2FD1 /* RequestBuilderImplementation.swift */ = {isa = PBXFileReference; fileEncoding = 4; lastKnownFileType = sourcecode.swift; name = RequestBuilderImplementation.swift; path = Classes/CoreLayer/RequestBuilder/RequestBuilderImplementation.swift; sourceTree = "<group>"; };
		9E237A4C1E33A6CB00CA2FD1 /* URLBuilder.swift */ = {isa = PBXFileReference; fileEncoding = 4; lastKnownFileType = sourcecode.swift; name = URLBuilder.swift; path = Classes/CoreLayer/URLBuilder/URLBuilder.swift; sourceTree = "<group>"; };
		9E237A4F1E33A79800CA2FD1 /* URLBuilderImplementation.swift */ = {isa = PBXFileReference; fileEncoding = 4; lastKnownFileType = sourcecode.swift; name = URLBuilderImplementation.swift; path = Classes/CoreLayer/URLBuilder/URLBuilderImplementation.swift; sourceTree = "<group>"; };
		9E237A521E33A80B00CA2FD1 /* URLParametersTransformable.swift */ = {isa = PBXFileReference; fileEncoding = 4; lastKnownFileType = sourcecode.swift; name = URLParametersTransformable.swift; path = Classes/CoreLayer/URLBuilder/URLParametersTransformable.swift; sourceTree = "<group>"; };
		9E237A551E33A89700CA2FD1 /* NetworkRequestErrors.swift */ = {isa = PBXFileReference; fileEncoding = 4; lastKnownFileType = sourcecode.swift; name = NetworkRequestErrors.swift; path = Classes/CoreLayer/RequestBuilder/NetworkRequestErrors.swift; sourceTree = "<group>"; };
		9E237A5D1E33AC6A00CA2FD1 /* GithubRepositorySearchConfiguration.swift */ = {isa = PBXFileReference; fileEncoding = 4; lastKnownFileType = sourcecode.swift; name = GithubRepositorySearchConfiguration.swift; path = Classes/CoreLayer/URLBuilder/Configurations/GithubRepositorySearchConfiguration.swift; sourceTree = "<group>"; };
		9E237A641E33B4E800CA2FD1 /* GithubRepository.swift */ = {isa = PBXFileReference; fileEncoding = 4; lastKnownFileType = sourcecode.swift; name = GithubRepository.swift; path = Classes/Entity/GithubRepository.swift; sourceTree = "<group>"; };
		9E237A681E33B5A200CA2FD1 /* GithubMapper.swift */ = {isa = PBXFileReference; fileEncoding = 4; lastKnownFileType = sourcecode.swift; name = GithubMapper.swift; path = Classes/CoreLayer/Mapper/GithubMapper/GithubMapper.swift; sourceTree = "<group>"; };
		9E237A6B1E33B5D500CA2FD1 /* GithubMapperImplementation.swift */ = {isa = PBXFileReference; fileEncoding = 4; lastKnownFileType = sourcecode.swift; name = GithubMapperImplementation.swift; path = Classes/CoreLayer/Mapper/GithubMapper/GithubMapperImplementation.swift; sourceTree = "<group>"; };
		9E237A6F1E33E3FF00CA2FD1 /* ViewControllerEmbedding.swift */ = {isa = PBXFileReference; fileEncoding = 4; lastKnownFileType = sourcecode.swift; name = ViewControllerEmbedding.swift; path = Classes/Helpers/ViewControllerEmbedding/ViewControllerEmbedding.swift; sourceTree = "<group>"; };
		9E237A731E33EA3B00CA2FD1 /* UIViewController.swift */ = {isa = PBXFileReference; fileEncoding = 4; lastKnownFileType = sourcecode.swift; name = UIViewController.swift; path = Classes/Extensions/UIViewController.swift; sourceTree = "<group>"; };
		9E237A771E33EBE900CA2FD1 /* MainRouterInput.swift */ = {isa = PBXFileReference; fileEncoding = 4; lastKnownFileType = sourcecode.swift; name = MainRouterInput.swift; path = Classes/PresentationLayer/UserStories/Main/Router/MainRouterInput.swift; sourceTree = "<group>"; };
		9E237A7A1E33EC2500CA2FD1 /* MainRouter.swift */ = {isa = PBXFileReference; fileEncoding = 4; lastKnownFileType = sourcecode.swift; name = MainRouter.swift; path = Classes/PresentationLayer/UserStories/Main/Router/MainRouter.swift; sourceTree = "<group>"; };
		9E237A7F1E33ED2300CA2FD1 /* GithubViewController.swift */ = {isa = PBXFileReference; fileEncoding = 4; lastKnownFileType = sourcecode.swift; name = GithubViewController.swift; path = Classes/PresentationLayer/UserStories/Github/View/GithubViewController.swift; sourceTree = "<group>"; };
		9E237A831E33ED9D00CA2FD1 /* ApplicationAssembly.swift */ = {isa = PBXFileReference; fileEncoding = 4; lastKnownFileType = sourcecode.swift; name = ApplicationAssembly.swift; path = Classes/ApplicationLayer/Assembly/ApplicationAssembly.swift; sourceTree = "<group>"; };
		9E237A861E33FFA100CA2FD1 /* GithubViewInput.swift */ = {isa = PBXFileReference; fileEncoding = 4; lastKnownFileType = sourcecode.swift; name = GithubViewInput.swift; path = Classes/PresentationLayer/UserStories/Github/View/GithubViewInput.swift; sourceTree = "<group>"; };
		9E237A8A1E3405CD00CA2FD1 /* MainViewController.swift */ = {isa = PBXFileReference; fileEncoding = 4; lastKnownFileType = sourcecode.swift; name = MainViewController.swift; path = Classes/PresentationLayer/UserStories/Main/View/MainViewController.swift; sourceTree = "<group>"; };
		9E237A8D1E34068700CA2FD1 /* MainViewInput.swift */ = {isa = PBXFileReference; fileEncoding = 4; lastKnownFileType = sourcecode.swift; name = MainViewInput.swift; path = Classes/PresentationLayer/UserStories/Main/View/MainViewInput.swift; sourceTree = "<group>"; };
		9E237A901E34069800CA2FD1 /* MainViewOutput.swift */ = {isa = PBXFileReference; fileEncoding = 4; lastKnownFileType = sourcecode.swift; name = MainViewOutput.swift; path = Classes/PresentationLayer/UserStories/Main/View/MainViewOutput.swift; sourceTree = "<group>"; };
		9E237A941E34086300CA2FD1 /* MainPresenter.swift */ = {isa = PBXFileReference; fileEncoding = 4; lastKnownFileType = sourcecode.swift; name = MainPresenter.swift; path = Classes/PresentationLayer/UserStories/Main/Presenter/MainPresenter.swift; sourceTree = "<group>"; };
		9E237A9A1E34099600CA2FD1 /* ITunesViewController.swift */ = {isa = PBXFileReference; fileEncoding = 4; lastKnownFileType = sourcecode.swift; name = ITunesViewController.swift; path = Classes/PresentationLayer/UserStories/ITunes/View/ITunesViewController.swift; sourceTree = "<group>"; };
		9E237A9D1E3409A700CA2FD1 /* ITunesViewInput.swift */ = {isa = PBXFileReference; fileEncoding = 4; lastKnownFileType = sourcecode.swift; name = ITunesViewInput.swift; path = Classes/PresentationLayer/UserStories/ITunes/View/ITunesViewInput.swift; sourceTree = "<group>"; };
		9E237AA11E340C9E00CA2FD1 /* AssemblyFactory.swift */ = {isa = PBXFileReference; fileEncoding = 4; lastKnownFileType = sourcecode.swift; name = AssemblyFactory.swift; path = Classes/ApplicationLayer/Assembly/AssemblyFactory.swift; sourceTree = "<group>"; };
		9E237AA51E340DB100CA2FD1 /* MainAssembly.swift */ = {isa = PBXFileReference; fileEncoding = 4; lastKnownFileType = sourcecode.swift; name = MainAssembly.swift; path = Classes/PresentationLayer/UserStories/Main/Assembly/MainAssembly.swift; sourceTree = "<group>"; };
		9E237AA91E340DF400CA2FD1 /* GithubAssembly.swift */ = {isa = PBXFileReference; fileEncoding = 4; lastKnownFileType = sourcecode.swift; name = GithubAssembly.swift; path = Classes/PresentationLayer/UserStories/Github/Assembly/GithubAssembly.swift; sourceTree = "<group>"; };
		9E237AAD1E340E8E00CA2FD1 /* ITunesAssembly.swift */ = {isa = PBXFileReference; fileEncoding = 4; lastKnownFileType = sourcecode.swift; name = ITunesAssembly.swift; path = Classes/PresentationLayer/UserStories/ITunes/Assembly/ITunesAssembly.swift; sourceTree = "<group>"; };
		9E237AB01E340EBD00CA2FD1 /* ITunesAssemblyImplementation.swift */ = {isa = PBXFileReference; fileEncoding = 4; lastKnownFileType = sourcecode.swift; name = ITunesAssemblyImplementation.swift; path = Classes/PresentationLayer/UserStories/ITunes/Assembly/ITunesAssemblyImplementation.swift; sourceTree = "<group>"; };
		9E237AB31E34105400CA2FD1 /* GithubAssemblyImplementation.swift */ = {isa = PBXFileReference; fileEncoding = 4; lastKnownFileType = sourcecode.swift; name = GithubAssemblyImplementation.swift; path = Classes/PresentationLayer/UserStories/Github/Assembly/GithubAssemblyImplementation.swift; sourceTree = "<group>"; };
		9E237AB61E34108A00CA2FD1 /* MainAssemblyImplementation.swift */ = {isa = PBXFileReference; fileEncoding = 4; lastKnownFileType = sourcecode.swift; name = MainAssemblyImplementation.swift; path = Classes/PresentationLayer/UserStories/Main/Assembly/MainAssemblyImplementation.swift; sourceTree = "<group>"; };
		9E237AB91E34139500CA2FD1 /* AssemblyFactoryImplementation.swift */ = {isa = PBXFileReference; fileEncoding = 4; lastKnownFileType = sourcecode.swift; name = AssemblyFactoryImplementation.swift; path = Classes/ApplicationLayer/Assembly/AssemblyFactoryImplementation.swift; sourceTree = "<group>"; };
		9E237ABC1E3419F300CA2FD1 /* MainModuleOutput.swift */ = {isa = PBXFileReference; fileEncoding = 4; lastKnownFileType = sourcecode.swift; name = MainModuleOutput.swift; path = Classes/PresentationLayer/UserStories/Main/Presenter/MainModuleOutput.swift; sourceTree = "<group>"; };
		9E237AC01E341A3600CA2FD1 /* GithubPresenter.swift */ = {isa = PBXFileReference; fileEncoding = 4; lastKnownFileType = sourcecode.swift; name = GithubPresenter.swift; path = Classes/PresentationLayer/UserStories/Github/Presenter/GithubPresenter.swift; sourceTree = "<group>"; };
		9E237AC31E341A8F00CA2FD1 /* GithubViewOutput.swift */ = {isa = PBXFileReference; fileEncoding = 4; lastKnownFileType = sourcecode.swift; name = GithubViewOutput.swift; path = Classes/PresentationLayer/UserStories/Github/Presenter/GithubViewOutput.swift; sourceTree = "<group>"; };
		9E237AC61E341CE100CA2FD1 /* MainModuleInputProvider.swift */ = {isa = PBXFileReference; fileEncoding = 4; lastKnownFileType = sourcecode.swift; name = MainModuleInputProvider.swift; path = Classes/PresentationLayer/UserStories/Main/Presenter/MainModuleInputProvider.swift; sourceTree = "<group>"; };
		9E237AC91E341F3200CA2FD1 /* MainModuleInput.swift */ = {isa = PBXFileReference; fileEncoding = 4; lastKnownFileType = sourcecode.swift; name = MainModuleInput.swift; path = Classes/PresentationLayer/UserStories/Main/Presenter/MainModuleInput.swift; sourceTree = "<group>"; };
		9E237ACC1E34224900CA2FD1 /* MainModuleOutputProvider.swift */ = {isa = PBXFileReference; fileEncoding = 4; lastKnownFileType = sourcecode.swift; name = MainModuleOutputProvider.swift; path = Classes/PresentationLayer/UserStories/Main/Presenter/MainModuleOutputProvider.swift; sourceTree = "<group>"; };
		9E237AD01E34299800CA2FD1 /* ServiceAssembly.swift */ = {isa = PBXFileReference; fileEncoding = 4; lastKnownFileType = sourcecode.swift; name = ServiceAssembly.swift; path = Classes/ServiceLayer/Assembly/ServiceAssembly.swift; sourceTree = "<group>"; };
		9E237AD41E342A1100CA2FD1 /* GithubService.swift */ = {isa = PBXFileReference; fileEncoding = 4; lastKnownFileType = sourcecode.swift; name = GithubService.swift; path = Classes/ServiceLayer/GithubService/GithubService.swift; sourceTree = "<group>"; };
		9E237AD81E342A3C00CA2FD1 /* CoreAssembly.swift */ = {isa = PBXFileReference; fileEncoding = 4; lastKnownFileType = sourcecode.swift; name = CoreAssembly.swift; path = Classes/CoreLayer/Assembly/CoreAssembly.swift; sourceTree = "<group>"; };
		9E237ADB1E342AC200CA2FD1 /* CoreAssemblyImplementation.swift */ = {isa = PBXFileReference; fileEncoding = 4; lastKnownFileType = sourcecode.swift; name = CoreAssemblyImplementation.swift; path = Classes/CoreLayer/Assembly/CoreAssemblyImplementation.swift; sourceTree = "<group>"; };
		9E237ADE1E342B9A00CA2FD1 /* ServiceAssemblyImplementation.swift */ = {isa = PBXFileReference; fileEncoding = 4; lastKnownFileType = sourcecode.swift; name = ServiceAssemblyImplementation.swift; path = Classes/ServiceLayer/Assembly/ServiceAssemblyImplementation.swift; sourceTree = "<group>"; };
		9E237AE11E342BE400CA2FD1 /* GithubServiceImplementation.swift */ = {isa = PBXFileReference; fileEncoding = 4; lastKnownFileType = sourcecode.swift; name = GithubServiceImplementation.swift; path = Classes/ServiceLayer/GithubService/GithubServiceImplementation.swift; sourceTree = "<group>"; };
		9E237AE91E342DFB00CA2FD1 /* GithubInteractorInput.swift */ = {isa = PBXFileReference; fileEncoding = 4; lastKnownFileType = sourcecode.swift; name = GithubInteractorInput.swift; path = Classes/PresentationLayer/UserStories/Github/Interactor/GithubInteractorInput.swift; sourceTree = "<group>"; };
		9E237AEC1E342E4600CA2FD1 /* GithubInteractorOutput.swift */ = {isa = PBXFileReference; fileEncoding = 4; lastKnownFileType = sourcecode.swift; name = GithubInteractorOutput.swift; path = Classes/PresentationLayer/UserStories/Github/Presenter/GithubInteractorOutput.swift; sourceTree = "<group>"; };
		9E237AEF1E342EC500CA2FD1 /* GithubInteractor.swift */ = {isa = PBXFileReference; fileEncoding = 4; lastKnownFileType = sourcecode.swift; name = GithubInteractor.swift; path = Classes/PresentationLayer/UserStories/Github/Interactor/GithubInteractor.swift; sourceTree = "<group>"; };
		9E237AF31E3438E300CA2FD1 /* Throttler.swift */ = {isa = PBXFileReference; fileEncoding = 4; lastKnownFileType = sourcecode.swift; name = Throttler.swift; path = Classes/Helpers/Throttler/Throttler.swift; sourceTree = "<group>"; };
		9E237AF61E34396200CA2FD1 /* ThrottlerImplementation.swift */ = {isa = PBXFileReference; fileEncoding = 4; lastKnownFileType = sourcecode.swift; name = ThrottlerImplementation.swift; path = Classes/Helpers/Throttler/ThrottlerImplementation.swift; sourceTree = "<group>"; };
		9E237AFA1E343B9D00CA2FD1 /* HelperAssembly.swift */ = {isa = PBXFileReference; fileEncoding = 4; lastKnownFileType = sourcecode.swift; name = HelperAssembly.swift; path = Classes/Helpers/Assembly/HelperAssembly.swift; sourceTree = "<group>"; };
		9E237AFD1E343BB700CA2FD1 /* HelperAssemblyImplementation.swift */ = {isa = PBXFileReference; fileEncoding = 4; lastKnownFileType = sourcecode.swift; name = HelperAssemblyImplementation.swift; path = Classes/Helpers/Assembly/HelperAssemblyImplementation.swift; sourceTree = "<group>"; };
		9E237B001E34B43E00CA2FD1 /* Dictionary.swift */ = {isa = PBXFileReference; fileEncoding = 4; lastKnownFileType = sourcecode.swift; name = Dictionary.swift; path = Classes/Extensions/Dictionary.swift; sourceTree = "<group>"; };
		9E237B041E34C59300CA2FD1 /* ConfigurableCell.swift */ = {isa = PBXFileReference; fileEncoding = 4; lastKnownFileType = sourcecode.swift; name = ConfigurableCell.swift; path = Classes/Helpers/ConfigurableCell/ConfigurableCell.swift; sourceTree = "<group>"; };
		9E237B081E34C6FA00CA2FD1 /* GithubDataDisplayManager.swift */ = {isa = PBXFileReference; fileEncoding = 4; lastKnownFileType = sourcecode.swift; name = GithubDataDisplayManager.swift; path = Classes/PresentationLayer/UserStories/Github/View/DataDisplayManager/GithubDataDisplayManager.swift; sourceTree = "<group>"; };
		9E237B0C1E34C77200CA2FD1 /* GithubViewModelFactory.swift */ = {isa = PBXFileReference; fileEncoding = 4; lastKnownFileType = sourcecode.swift; name = GithubViewModelFactory.swift; path = Classes/PresentationLayer/UserStories/Github/View/ViewModelFactory/GithubViewModelFactory.swift; sourceTree = "<group>"; };
		9E237B101E34C8B900CA2FD1 /* RightDescriptionCell.swift */ = {isa = PBXFileReference; fileEncoding = 4; lastKnownFileType = sourcecode.swift; name = RightDescriptionCell.swift; path = Classes/PresentationLayer/CommonComponents/RightDescriptionCell/RightDescriptionCell.swift; sourceTree = "<group>"; };
		9E237B151E34C90800CA2FD1 /* LeftDescriptionCell.swift */ = {isa = PBXFileReference; fileEncoding = 4; lastKnownFileType = sourcecode.swift; name = LeftDescriptionCell.swift; path = Classes/PresentationLayer/CommonComponents/LeftDescriptionCell/LeftDescriptionCell.swift; sourceTree = "<group>"; };
		9E237B181E34C93600CA2FD1 /* LeftDescriptionCell.xib */ = {isa = PBXFileReference; fileEncoding = 4; lastKnownFileType = file.xib; name = LeftDescriptionCell.xib; path = Classes/PresentationLayer/CommonComponents/LeftDescriptionCell/LeftDescriptionCell.xib; sourceTree = "<group>"; };
		9E237B1B1E34C94300CA2FD1 /* RightDescriptionCell.xib */ = {isa = PBXFileReference; fileEncoding = 4; lastKnownFileType = file.xib; name = RightDescriptionCell.xib; path = Classes/PresentationLayer/CommonComponents/RightDescriptionCell/RightDescriptionCell.xib; sourceTree = "<group>"; };
		9E237B1F1E34C9BF00CA2FD1 /* GithubRepositoryViewModel.swift */ = {isa = PBXFileReference; fileEncoding = 4; lastKnownFileType = sourcecode.swift; name = GithubRepositoryViewModel.swift; path = Classes/PresentationLayer/UserStories/Github/View/ViewModel/GithubRepositoryViewModel.swift; sourceTree = "<group>"; };
		9E237B221E34CA5A00CA2FD1 /* GithubViewModelFactoryImplementation.swift */ = {isa = PBXFileReference; fileEncoding = 4; lastKnownFileType = sourcecode.swift; name = GithubViewModelFactoryImplementation.swift; path = Classes/PresentationLayer/UserStories/Github/View/ViewModelFactory/GithubViewModelFactoryImplementation.swift; sourceTree = "<group>"; };
		9E237B251E34CC6E00CA2FD1 /* GithubDataDisplayManagerImplementation.swift */ = {isa = PBXFileReference; fileEncoding = 4; lastKnownFileType = sourcecode.swift; name = GithubDataDisplayManagerImplementation.swift; path = Classes/PresentationLayer/UserStories/Github/View/DataDisplayManager/GithubDataDisplayManagerImplementation.swift; sourceTree = "<group>"; };
		9E237B291E34D24700CA2FD1 /* TableViewDataDisplayManager.swift */ = {isa = PBXFileReference; fileEncoding = 4; lastKnownFileType = sourcecode.swift; name = TableViewDataDisplayManager.swift; path = Classes/Helpers/TableViewDataDisplayManager/TableViewDataDisplayManager.swift; sourceTree = "<group>"; };
		9E237B391E34ECB000CA2FD1 /* ImageDownloaderService.swift */ = {isa = PBXFileReference; fileEncoding = 4; lastKnownFileType = sourcecode.swift; name = ImageDownloaderService.swift; path = Classes/ServiceLayer/ImageDownloaderService/ImageDownloaderService.swift; sourceTree = "<group>"; };
		9E237B3C1E34ED6E00CA2FD1 /* ImageDownloaderServiceImplementation.swift */ = {isa = PBXFileReference; fileEncoding = 4; lastKnownFileType = sourcecode.swift; name = ImageDownloaderServiceImplementation.swift; path = Classes/ServiceLayer/ImageDownloaderService/ImageDownloaderServiceImplementation.swift; sourceTree = "<group>"; };
		9E237B3F1E34F33400CA2FD1 /* ImageDownloaderConfiguration.swift */ = {isa = PBXFileReference; fileEncoding = 4; lastKnownFileType = sourcecode.swift; name = ImageDownloaderConfiguration.swift; path = Classes/ServiceLayer/ImageDownloaderService/ImageDownloaderConfiguration.swift; sourceTree = "<group>"; };
		9E237B431E34F49900CA2FD1 /* ImageCellDelegate.swift */ = {isa = PBXFileReference; fileEncoding = 4; lastKnownFileType = sourcecode.swift; name = ImageCellDelegate.swift; path = Classes/PresentationLayer/CommonComponents/ImageCellDelegate/ImageCellDelegate.swift; sourceTree = "<group>"; };
/* End PBXFileReference section */

/* Begin PBXFrameworksBuildPhase section */
		9E2379FA1E3396D300CA2FD1 /* Frameworks */ = {
			isa = PBXFrameworksBuildPhase;
			buildActionMask = 2147483647;
			files = (
			);
			runOnlyForDeploymentPostprocessing = 0;
		};
		9E237A0E1E3396D300CA2FD1 /* Frameworks */ = {
			isa = PBXFrameworksBuildPhase;
			buildActionMask = 2147483647;
			files = (
			);
			runOnlyForDeploymentPostprocessing = 0;
		};
/* End PBXFrameworksBuildPhase section */

/* Begin PBXGroup section */
		9E2379F41E3396D300CA2FD1 = {
			isa = PBXGroup;
			children = (
				9E2379FF1E3396D300CA2FD1 /* GithubItunesViewer */,
				9E237A141E3396D300CA2FD1 /* GithubItunesViewerTests */,
				9E2379FE1E3396D300CA2FD1 /* Products */,
			);
			sourceTree = "<group>";
		};
		9E2379FE1E3396D300CA2FD1 /* Products */ = {
			isa = PBXGroup;
			children = (
				9E2379FD1E3396D300CA2FD1 /* GithubItunesViewer.app */,
				9E237A111E3396D300CA2FD1 /* GithubItunesViewerTests.xctest */,
			);
			name = Products;
			sourceTree = "<group>";
		};
		9E2379FF1E3396D300CA2FD1 /* GithubItunesViewer */ = {
			isa = PBXGroup;
			children = (
				9E237A201E33976800CA2FD1 /* Classes */,
				9E237A041E3396D300CA2FD1 /* Main.storyboard */,
				9E237A071E3396D300CA2FD1 /* Assets.xcassets */,
				9E237A091E3396D300CA2FD1 /* LaunchScreen.storyboard */,
				9E237A0C1E3396D300CA2FD1 /* Info.plist */,
			);
			path = GithubItunesViewer;
			sourceTree = "<group>";
		};
		9E237A141E3396D300CA2FD1 /* GithubItunesViewerTests */ = {
			isa = PBXGroup;
			children = (
				9E237A151E3396D300CA2FD1 /* GithubItunesViewerTests.swift */,
				9E237A171E3396D300CA2FD1 /* Info.plist */,
			);
			path = GithubItunesViewerTests;
			sourceTree = "<group>";
		};
		9E237A201E33976800CA2FD1 /* Classes */ = {
			isa = PBXGroup;
			children = (
				9E237A721E33EA1900CA2FD1 /* Extensions */,
				9E237A2E1E33996400CA2FD1 /* Helpers */,
				9E237A251E3397A600CA2FD1 /* Entity */,
				9E237A241E3397A000CA2FD1 /* CoreLayer */,
				9E237A231E33979900CA2FD1 /* ServiceLayer */,
				9E237A221E33979100CA2FD1 /* PresentationLayer */,
				9E237A211E33978A00CA2FD1 /* ApplicationLayer */,
			);
			name = Classes;
			sourceTree = "<group>";
		};
		9E237A211E33978A00CA2FD1 /* ApplicationLayer */ = {
			isa = PBXGroup;
			children = (
				9E237A821E33ED8400CA2FD1 /* Assembly */,
				9E237A261E33980300CA2FD1 /* AppDelegate.swift */,
			);
			name = ApplicationLayer;
			sourceTree = "<group>";
		};
		9E237A221E33979100CA2FD1 /* PresentationLayer */ = {
			isa = PBXGroup;
			children = (
				9E237B0F1E34C88700CA2FD1 /* CommonComponents */,
				9E237A291E33981500CA2FD1 /* UserStories */,
			);
			name = PresentationLayer;
			sourceTree = "<group>";
		};
		9E237A231E33979900CA2FD1 /* ServiceLayer */ = {
			isa = PBXGroup;
			children = (
				9E237B381E34EC8600CA2FD1 /* ImageDownloaderService */,
				9E237AD31E3429D600CA2FD1 /* GithubService */,
				9E237ACF1E34293600CA2FD1 /* Assembly */,
			);
			name = ServiceLayer;
			sourceTree = "<group>";
		};
		9E237A241E3397A000CA2FD1 /* CoreLayer */ = {
			isa = PBXGroup;
			children = (
				9E237AD71E342A2300CA2FD1 /* Assembly */,
				9E237A601E33B2E500CA2FD1 /* Mapper */,
				9E237A4B1E33A69000CA2FD1 /* URLBuilder */,
				9E237A3D1E33A03C00CA2FD1 /* RequestBuilder */,
				9E237A361E339C7100CA2FD1 /* NetworkClient */,
				9E237A2F1E339B6F00CA2FD1 /* Deserializer */,
			);
			name = CoreLayer;
			sourceTree = "<group>";
		};
		9E237A251E3397A600CA2FD1 /* Entity */ = {
			isa = PBXGroup;
			children = (
				9E237A641E33B4E800CA2FD1 /* GithubRepository.swift */,
			);
			name = Entity;
			sourceTree = "<group>";
		};
		9E237A291E33981500CA2FD1 /* UserStories */ = {
			isa = PBXGroup;
			children = (
				9E237A981E34096C00CA2FD1 /* ITunes */,
				9E237A7D1E33ECF500CA2FD1 /* Github */,
				9E237A2A1E33983300CA2FD1 /* Main */,
			);
			name = UserStories;
			sourceTree = "<group>";
		};
		9E237A2A1E33983300CA2FD1 /* Main */ = {
			isa = PBXGroup;
			children = (
				9E237AE41E342D4700CA2FD1 /* Interactor */,
				9E237AA41E340D9900CA2FD1 /* Assembly */,
				9E237A931E34084B00CA2FD1 /* Presenter */,
				9E237A891E3405B200CA2FD1 /* View */,
				9E237A761E33EBD200CA2FD1 /* Router */,
			);
			name = Main;
			sourceTree = "<group>";
		};
		9E237A2E1E33996400CA2FD1 /* Helpers */ = {
			isa = PBXGroup;
			children = (
				9E237B371E34EC6800CA2FD1 /* Image */,
				9E237B281E34CD0800CA2FD1 /* TableViewDataDisplayManager */,
				9E237B031E34BBDD00CA2FD1 /* ConfigurableCell */,
				9E237AF91E343B8B00CA2FD1 /* Assembly */,
				9E237AF21E3438CC00CA2FD1 /* Throttler */,
				9E237A6E1E33E36E00CA2FD1 /* ViewControllerEmbedding */,
			);
			name = Helpers;
			sourceTree = "<group>";
		};
		9E237A2F1E339B6F00CA2FD1 /* Deserializer */ = {
			isa = PBXGroup;
			children = (
				9E237A301E339BB800CA2FD1 /* Deserializer.swift */,
				9E237A331E339BFC00CA2FD1 /* JSONDeserializer.swift */,
			);
			name = Deserializer;
			sourceTree = "<group>";
		};
		9E237A361E339C7100CA2FD1 /* NetworkClient */ = {
			isa = PBXGroup;
			children = (
				9E237A371E339CCC00CA2FD1 /* NetworkClient.swift */,
				9E237A3A1E339CFC00CA2FD1 /* NetworkClientImplementation.swift */,
			);
			name = NetworkClient;
			sourceTree = "<group>";
		};
		9E237A3D1E33A03C00CA2FD1 /* RequestBuilder */ = {
			isa = PBXGroup;
			children = (
				9E237A451E33A32F00CA2FD1 /* RequestBuilder.swift */,
				9E237A481E33A37100CA2FD1 /* RequestBuilderImplementation.swift */,
				9E237A421E33A19500CA2FD1 /* RequestBuilderConfiguration.swift */,
				9E237A3E1E33A06F00CA2FD1 /* NetworkRequestConstants.swift */,
				9E237A551E33A89700CA2FD1 /* NetworkRequestErrors.swift */,
			);
			name = RequestBuilder;
			sourceTree = "<group>";
		};
		9E237A4B1E33A69000CA2FD1 /* URLBuilder */ = {
			isa = PBXGroup;
			children = (
				9E237A5C1E33AC4A00CA2FD1 /* Configurations */,
				9E237A521E33A80B00CA2FD1 /* URLParametersTransformable.swift */,
				9E237A4C1E33A6CB00CA2FD1 /* URLBuilder.swift */,
				9E237A4F1E33A79800CA2FD1 /* URLBuilderImplementation.swift */,
			);
			name = URLBuilder;
			sourceTree = "<group>";
		};
		9E237A5C1E33AC4A00CA2FD1 /* Configurations */ = {
			isa = PBXGroup;
			children = (
				9E237A5D1E33AC6A00CA2FD1 /* GithubRepositorySearchConfiguration.swift */,
			);
			name = Configurations;
			sourceTree = "<group>";
		};
		9E237A601E33B2E500CA2FD1 /* Mapper */ = {
			isa = PBXGroup;
			children = (
				9E237A671E33B58500CA2FD1 /* GithubMapper */,
			);
			name = Mapper;
			sourceTree = "<group>";
		};
		9E237A671E33B58500CA2FD1 /* GithubMapper */ = {
			isa = PBXGroup;
			children = (
				9E237A681E33B5A200CA2FD1 /* GithubMapper.swift */,
				9E237A6B1E33B5D500CA2FD1 /* GithubMapperImplementation.swift */,
			);
			name = GithubMapper;
			sourceTree = "<group>";
		};
		9E237A6E1E33E36E00CA2FD1 /* ViewControllerEmbedding */ = {
			isa = PBXGroup;
			children = (
				9E237A6F1E33E3FF00CA2FD1 /* ViewControllerEmbedding.swift */,
			);
			name = ViewControllerEmbedding;
			sourceTree = "<group>";
		};
		9E237A721E33EA1900CA2FD1 /* Extensions */ = {
			isa = PBXGroup;
			children = (
				9E237B001E34B43E00CA2FD1 /* Dictionary.swift */,
				9E237A731E33EA3B00CA2FD1 /* UIViewController.swift */,
			);
			name = Extensions;
			sourceTree = "<group>";
		};
		9E237A761E33EBD200CA2FD1 /* Router */ = {
			isa = PBXGroup;
			children = (
				9E237A771E33EBE900CA2FD1 /* MainRouterInput.swift */,
				9E237A7A1E33EC2500CA2FD1 /* MainRouter.swift */,
			);
			name = Router;
			sourceTree = "<group>";
		};
		9E237A7D1E33ECF500CA2FD1 /* Github */ = {
			isa = PBXGroup;
			children = (
				9E237AA81E340DDC00CA2FD1 /* Assembly */,
				9E237A7E1E33ECFB00CA2FD1 /* View */,
				9E237ABF1E341A2300CA2FD1 /* Presenter */,
				9E237AE81E342DA000CA2FD1 /* Interactor */,
			);
			name = Github;
			sourceTree = "<group>";
		};
		9E237A7E1E33ECFB00CA2FD1 /* View */ = {
			isa = PBXGroup;
			children = (
				9E237B1E1E34C98300CA2FD1 /* ViewModel */,
				9E237B0B1E34C72F00CA2FD1 /* ViewModelFactory */,
				9E237B071E34C6C000CA2FD1 /* DataDisplayManager */,
				9E237A7F1E33ED2300CA2FD1 /* GithubViewController.swift */,
				9E237A861E33FFA100CA2FD1 /* GithubViewInput.swift */,
			);
			name = View;
			sourceTree = "<group>";
		};
		9E237A821E33ED8400CA2FD1 /* Assembly */ = {
			isa = PBXGroup;
			children = (
				9E237AA11E340C9E00CA2FD1 /* AssemblyFactory.swift */,
				9E237AB91E34139500CA2FD1 /* AssemblyFactoryImplementation.swift */,
				9E237A831E33ED9D00CA2FD1 /* ApplicationAssembly.swift */,
			);
			name = Assembly;
			sourceTree = "<group>";
		};
		9E237A891E3405B200CA2FD1 /* View */ = {
			isa = PBXGroup;
			children = (
				9E237A8A1E3405CD00CA2FD1 /* MainViewController.swift */,
				9E237A8D1E34068700CA2FD1 /* MainViewInput.swift */,
				9E237A901E34069800CA2FD1 /* MainViewOutput.swift */,
			);
			name = View;
			sourceTree = "<group>";
		};
		9E237A931E34084B00CA2FD1 /* Presenter */ = {
			isa = PBXGroup;
			children = (
				9E237A941E34086300CA2FD1 /* MainPresenter.swift */,
				9E237ABC1E3419F300CA2FD1 /* MainModuleOutput.swift */,
				9E237AC61E341CE100CA2FD1 /* MainModuleInputProvider.swift */,
				9E237ACC1E34224900CA2FD1 /* MainModuleOutputProvider.swift */,
				9E237AC91E341F3200CA2FD1 /* MainModuleInput.swift */,
			);
			name = Presenter;
			sourceTree = "<group>";
		};
		9E237A981E34096C00CA2FD1 /* ITunes */ = {
			isa = PBXGroup;
			children = (
				9E237AAC1E340E7600CA2FD1 /* Assembly */,
				9E237A991E34097400CA2FD1 /* View */,
			);
			name = ITunes;
			sourceTree = "<group>";
		};
		9E237A991E34097400CA2FD1 /* View */ = {
			isa = PBXGroup;
			children = (
				9E237A9A1E34099600CA2FD1 /* ITunesViewController.swift */,
				9E237A9D1E3409A700CA2FD1 /* ITunesViewInput.swift */,
			);
			name = View;
			sourceTree = "<group>";
		};
		9E237AA41E340D9900CA2FD1 /* Assembly */ = {
			isa = PBXGroup;
			children = (
				9E237AA51E340DB100CA2FD1 /* MainAssembly.swift */,
				9E237AB61E34108A00CA2FD1 /* MainAssemblyImplementation.swift */,
			);
			name = Assembly;
			sourceTree = "<group>";
		};
		9E237AA81E340DDC00CA2FD1 /* Assembly */ = {
			isa = PBXGroup;
			children = (
				9E237AA91E340DF400CA2FD1 /* GithubAssembly.swift */,
				9E237AB31E34105400CA2FD1 /* GithubAssemblyImplementation.swift */,
			);
			name = Assembly;
			sourceTree = "<group>";
		};
		9E237AAC1E340E7600CA2FD1 /* Assembly */ = {
			isa = PBXGroup;
			children = (
				9E237AAD1E340E8E00CA2FD1 /* ITunesAssembly.swift */,
				9E237AB01E340EBD00CA2FD1 /* ITunesAssemblyImplementation.swift */,
			);
			name = Assembly;
			sourceTree = "<group>";
		};
		9E237ABF1E341A2300CA2FD1 /* Presenter */ = {
			isa = PBXGroup;
			children = (
				9E237AC01E341A3600CA2FD1 /* GithubPresenter.swift */,
				9E237AC31E341A8F00CA2FD1 /* GithubViewOutput.swift */,
				9E237AEC1E342E4600CA2FD1 /* GithubInteractorOutput.swift */,
			);
			name = Presenter;
			sourceTree = "<group>";
		};
		9E237ACF1E34293600CA2FD1 /* Assembly */ = {
			isa = PBXGroup;
			children = (
				9E237AD01E34299800CA2FD1 /* ServiceAssembly.swift */,
				9E237ADE1E342B9A00CA2FD1 /* ServiceAssemblyImplementation.swift */,
			);
			name = Assembly;
			sourceTree = "<group>";
		};
		9E237AD31E3429D600CA2FD1 /* GithubService */ = {
			isa = PBXGroup;
			children = (
				9E237AD41E342A1100CA2FD1 /* GithubService.swift */,
				9E237AE11E342BE400CA2FD1 /* GithubServiceImplementation.swift */,
			);
			name = GithubService;
			sourceTree = "<group>";
		};
		9E237AD71E342A2300CA2FD1 /* Assembly */ = {
			isa = PBXGroup;
			children = (
				9E237AD81E342A3C00CA2FD1 /* CoreAssembly.swift */,
				9E237ADB1E342AC200CA2FD1 /* CoreAssemblyImplementation.swift */,
			);
			name = Assembly;
			sourceTree = "<group>";
		};
		9E237AE41E342D4700CA2FD1 /* Interactor */ = {
			isa = PBXGroup;
			children = (
			);
			name = Interactor;
			sourceTree = "<group>";
		};
		9E237AE81E342DA000CA2FD1 /* Interactor */ = {
			isa = PBXGroup;
			children = (
				9E237AE91E342DFB00CA2FD1 /* GithubInteractorInput.swift */,
				9E237AEF1E342EC500CA2FD1 /* GithubInteractor.swift */,
			);
			name = Interactor;
			sourceTree = "<group>";
		};
		9E237AF21E3438CC00CA2FD1 /* Throttler */ = {
			isa = PBXGroup;
			children = (
				9E237AF31E3438E300CA2FD1 /* Throttler.swift */,
				9E237AF61E34396200CA2FD1 /* ThrottlerImplementation.swift */,
			);
			name = Throttler;
			sourceTree = "<group>";
		};
		9E237AF91E343B8B00CA2FD1 /* Assembly */ = {
			isa = PBXGroup;
			children = (
				9E237AFA1E343B9D00CA2FD1 /* HelperAssembly.swift */,
				9E237AFD1E343BB700CA2FD1 /* HelperAssemblyImplementation.swift */,
			);
			name = Assembly;
			sourceTree = "<group>";
		};
		9E237B031E34BBDD00CA2FD1 /* ConfigurableCell */ = {
			isa = PBXGroup;
			children = (
				9E237B041E34C59300CA2FD1 /* ConfigurableCell.swift */,
			);
			name = ConfigurableCell;
			sourceTree = "<group>";
		};
		9E237B071E34C6C000CA2FD1 /* DataDisplayManager */ = {
			isa = PBXGroup;
			children = (
				9E237B081E34C6FA00CA2FD1 /* GithubDataDisplayManager.swift */,
				9E237B251E34CC6E00CA2FD1 /* GithubDataDisplayManagerImplementation.swift */,
			);
			name = DataDisplayManager;
			sourceTree = "<group>";
		};
		9E237B0B1E34C72F00CA2FD1 /* ViewModelFactory */ = {
			isa = PBXGroup;
			children = (
				9E237B0C1E34C77200CA2FD1 /* GithubViewModelFactory.swift */,
				9E237B221E34CA5A00CA2FD1 /* GithubViewModelFactoryImplementation.swift */,
			);
			name = ViewModelFactory;
			sourceTree = "<group>";
		};
		9E237B0F1E34C88700CA2FD1 /* CommonComponents */ = {
			isa = PBXGroup;
			children = (
				9E237B421E34F47E00CA2FD1 /* ImageCellDelegate */,
				9E237B141E34C8E900CA2FD1 /* LeftDescriptionCell */,
				9E237B131E34C8DD00CA2FD1 /* RightDescriptionCell */,
			);
			name = CommonComponents;
			sourceTree = "<group>";
		};
		9E237B131E34C8DD00CA2FD1 /* RightDescriptionCell */ = {
			isa = PBXGroup;
			children = (
				9E237B101E34C8B900CA2FD1 /* RightDescriptionCell.swift */,
				9E237B1B1E34C94300CA2FD1 /* RightDescriptionCell.xib */,
			);
			name = RightDescriptionCell;
			sourceTree = "<group>";
		};
		9E237B141E34C8E900CA2FD1 /* LeftDescriptionCell */ = {
			isa = PBXGroup;
			children = (
				9E237B151E34C90800CA2FD1 /* LeftDescriptionCell.swift */,
				9E237B181E34C93600CA2FD1 /* LeftDescriptionCell.xib */,
			);
			name = LeftDescriptionCell;
			sourceTree = "<group>";
		};
		9E237B1E1E34C98300CA2FD1 /* ViewModel */ = {
			isa = PBXGroup;
			children = (
				9E237B1F1E34C9BF00CA2FD1 /* GithubRepositoryViewModel.swift */,
			);
			name = ViewModel;
			sourceTree = "<group>";
		};
		9E237B281E34CD0800CA2FD1 /* TableViewDataDisplayManager */ = {
			isa = PBXGroup;
			children = (
				9E237B291E34D24700CA2FD1 /* TableViewDataDisplayManager.swift */,
			);
			name = TableViewDataDisplayManager;
			sourceTree = "<group>";
		};
		9E237B371E34EC6800CA2FD1 /* Image */ = {
			isa = PBXGroup;
			children = (
			);
			name = Image;
			sourceTree = "<group>";
		};
		9E237B381E34EC8600CA2FD1 /* ImageDownloaderService */ = {
			isa = PBXGroup;
			children = (
				9E237B3F1E34F33400CA2FD1 /* ImageDownloaderConfiguration.swift */,
				9E237B391E34ECB000CA2FD1 /* ImageDownloaderService.swift */,
				9E237B3C1E34ED6E00CA2FD1 /* ImageDownloaderServiceImplementation.swift */,
			);
			name = ImageDownloaderService;
			sourceTree = "<group>";
		};
		9E237B421E34F47E00CA2FD1 /* ImageCellDelegate */ = {
			isa = PBXGroup;
			children = (
				9E237B431E34F49900CA2FD1 /* ImageCellDelegate.swift */,
			);
			name = ImageCellDelegate;
			sourceTree = "<group>";
		};
/* End PBXGroup section */

/* Begin PBXNativeTarget section */
		9E2379FC1E3396D300CA2FD1 /* GithubItunesViewer */ = {
			isa = PBXNativeTarget;
			buildConfigurationList = 9E237A1A1E3396D300CA2FD1 /* Build configuration list for PBXNativeTarget "GithubItunesViewer" */;
			buildPhases = (
				9E2379F91E3396D300CA2FD1 /* Sources */,
				9E2379FA1E3396D300CA2FD1 /* Frameworks */,
				9E2379FB1E3396D300CA2FD1 /* Resources */,
			);
			buildRules = (
			);
			dependencies = (
			);
			name = GithubItunesViewer;
			productName = GithubItunesViewer;
			productReference = 9E2379FD1E3396D300CA2FD1 /* GithubItunesViewer.app */;
			productType = "com.apple.product-type.application";
		};
		9E237A101E3396D300CA2FD1 /* GithubItunesViewerTests */ = {
			isa = PBXNativeTarget;
			buildConfigurationList = 9E237A1D1E3396D300CA2FD1 /* Build configuration list for PBXNativeTarget "GithubItunesViewerTests" */;
			buildPhases = (
				9E237A0D1E3396D300CA2FD1 /* Sources */,
				9E237A0E1E3396D300CA2FD1 /* Frameworks */,
				9E237A0F1E3396D300CA2FD1 /* Resources */,
			);
			buildRules = (
			);
			dependencies = (
				9E237A131E3396D300CA2FD1 /* PBXTargetDependency */,
			);
			name = GithubItunesViewerTests;
			productName = GithubItunesViewerTests;
			productReference = 9E237A111E3396D300CA2FD1 /* GithubItunesViewerTests.xctest */;
			productType = "com.apple.product-type.bundle.unit-test";
		};
/* End PBXNativeTarget section */

/* Begin PBXProject section */
		9E2379F51E3396D300CA2FD1 /* Project object */ = {
			isa = PBXProject;
			attributes = {
				LastSwiftUpdateCheck = 0810;
				LastUpgradeCheck = 0810;
				ORGANIZATIONNAME = m.rakhmanov;
				TargetAttributes = {
					9E2379FC1E3396D300CA2FD1 = {
						CreatedOnToolsVersion = 8.1;
						ProvisioningStyle = Automatic;
					};
					9E237A101E3396D300CA2FD1 = {
						CreatedOnToolsVersion = 8.1;
						ProvisioningStyle = Automatic;
						TestTargetID = 9E2379FC1E3396D300CA2FD1;
					};
				};
			};
			buildConfigurationList = 9E2379F81E3396D300CA2FD1 /* Build configuration list for PBXProject "GithubItunesViewer" */;
			compatibilityVersion = "Xcode 3.2";
			developmentRegion = English;
			hasScannedForEncodings = 0;
			knownRegions = (
				en,
				Base,
			);
			mainGroup = 9E2379F41E3396D300CA2FD1;
			productRefGroup = 9E2379FE1E3396D300CA2FD1 /* Products */;
			projectDirPath = "";
			projectRoot = "";
			targets = (
				9E2379FC1E3396D300CA2FD1 /* GithubItunesViewer */,
				9E237A101E3396D300CA2FD1 /* GithubItunesViewerTests */,
			);
		};
/* End PBXProject section */

/* Begin PBXResourcesBuildPhase section */
		9E2379FB1E3396D300CA2FD1 /* Resources */ = {
			isa = PBXResourcesBuildPhase;
			buildActionMask = 2147483647;
			files = (
				9E237A0B1E3396D300CA2FD1 /* LaunchScreen.storyboard in Resources */,
				9E237A081E3396D300CA2FD1 /* Assets.xcassets in Resources */,
				9E237A061E3396D300CA2FD1 /* Main.storyboard in Resources */,
				9E237B1C1E34C94300CA2FD1 /* RightDescriptionCell.xib in Resources */,
				9E237B191E34C93600CA2FD1 /* LeftDescriptionCell.xib in Resources */,
			);
			runOnlyForDeploymentPostprocessing = 0;
		};
		9E237A0F1E3396D300CA2FD1 /* Resources */ = {
			isa = PBXResourcesBuildPhase;
			buildActionMask = 2147483647;
			files = (
				9E237B1A1E34C93600CA2FD1 /* LeftDescriptionCell.xib in Resources */,
				9E237B1D1E34C94300CA2FD1 /* RightDescriptionCell.xib in Resources */,
			);
			runOnlyForDeploymentPostprocessing = 0;
		};
/* End PBXResourcesBuildPhase section */

/* Begin PBXSourcesBuildPhase section */
		9E2379F91E3396D300CA2FD1 /* Sources */ = {
			isa = PBXSourcesBuildPhase;
			buildActionMask = 2147483647;
			files = (
				9E237A341E339BFC00CA2FD1 /* JSONDeserializer.swift in Sources */,
				9E237A9E1E3409A700CA2FD1 /* ITunesViewInput.swift in Sources */,
				9E237B051E34C59300CA2FD1 /* ConfigurableCell.swift in Sources */,
				9E237AF41E3438E300CA2FD1 /* Throttler.swift in Sources */,
				9E237A8B1E3405CD00CA2FD1 /* MainViewController.swift in Sources */,
				9E237A871E33FFA100CA2FD1 /* GithubViewInput.swift in Sources */,
				9E237ADC1E342AC200CA2FD1 /* CoreAssemblyImplementation.swift in Sources */,
				9E237A691E33B5A200CA2FD1 /* GithubMapper.swift in Sources */,
				9E237AFB1E343B9D00CA2FD1 /* HelperAssembly.swift in Sources */,
				9E237B401E34F33400CA2FD1 /* ImageDownloaderConfiguration.swift in Sources */,
				9E237A9B1E34099600CA2FD1 /* ITunesViewController.swift in Sources */,
				9E237AB71E34108A00CA2FD1 /* MainAssemblyImplementation.swift in Sources */,
				9E237A5E1E33AC6A00CA2FD1 /* GithubRepositorySearchConfiguration.swift in Sources */,
				9E237ABA1E34139500CA2FD1 /* AssemblyFactoryImplementation.swift in Sources */,
				9E237ACA1E341F3200CA2FD1 /* MainModuleInput.swift in Sources */,
				9E237A381E339CCC00CA2FD1 /* NetworkClient.swift in Sources */,
				9E237B161E34C90800CA2FD1 /* LeftDescriptionCell.swift in Sources */,
				9E237A8E1E34068700CA2FD1 /* MainViewInput.swift in Sources */,
				9E237A561E33A89700CA2FD1 /* NetworkRequestErrors.swift in Sources */,
				9E237B111E34C8B900CA2FD1 /* RightDescriptionCell.swift in Sources */,
				9E237A6C1E33B5D500CA2FD1 /* GithubMapperImplementation.swift in Sources */,
				9E237A951E34086300CA2FD1 /* MainPresenter.swift in Sources */,
				9E237A4D1E33A6CB00CA2FD1 /* URLBuilder.swift in Sources */,
				9E237A781E33EBE900CA2FD1 /* MainRouterInput.swift in Sources */,
				9E237AED1E342E4600CA2FD1 /* GithubInteractorOutput.swift in Sources */,
				9E237A911E34069800CA2FD1 /* MainViewOutput.swift in Sources */,
				9E237B091E34C6FA00CA2FD1 /* GithubDataDisplayManager.swift in Sources */,
				9E237B441E34F49900CA2FD1 /* ImageCellDelegate.swift in Sources */,
				9E237A801E33ED2300CA2FD1 /* GithubViewController.swift in Sources */,
				9E237AA21E340C9E00CA2FD1 /* AssemblyFactory.swift in Sources */,
				9E237AD51E342A1100CA2FD1 /* GithubService.swift in Sources */,
				9E237AEA1E342DFB00CA2FD1 /* GithubInteractorInput.swift in Sources */,
				9E237B3D1E34ED6E00CA2FD1 /* ImageDownloaderServiceImplementation.swift in Sources */,
				9E237AC11E341A3600CA2FD1 /* GithubPresenter.swift in Sources */,
				9E237A491E33A37100CA2FD1 /* RequestBuilderImplementation.swift in Sources */,
				9E237ABD1E3419F300CA2FD1 /* MainModuleOutput.swift in Sources */,
				9E237ADF1E342B9A00CA2FD1 /* ServiceAssemblyImplementation.swift in Sources */,
				9E237B3A1E34ECB000CA2FD1 /* ImageDownloaderService.swift in Sources */,
				9E237AE21E342BE400CA2FD1 /* GithubServiceImplementation.swift in Sources */,
				9E237AAA1E340DF400CA2FD1 /* GithubAssembly.swift in Sources */,
				9E237AF01E342EC500CA2FD1 /* GithubInteractor.swift in Sources */,
				9E237B261E34CC6E00CA2FD1 /* GithubDataDisplayManagerImplementation.swift in Sources */,
				9E237AA61E340DB100CA2FD1 /* MainAssembly.swift in Sources */,
				9E237AC71E341CE100CA2FD1 /* MainModuleInputProvider.swift in Sources */,
				9E237AB11E340EBD00CA2FD1 /* ITunesAssemblyImplementation.swift in Sources */,
				9E237A461E33A32F00CA2FD1 /* RequestBuilder.swift in Sources */,
				9E237B201E34C9BF00CA2FD1 /* GithubRepositoryViewModel.swift in Sources */,
				9E237A651E33B4E800CA2FD1 /* GithubRepository.swift in Sources */,
				9E237B231E34CA5A00CA2FD1 /* GithubViewModelFactoryImplementation.swift in Sources */,
				9E237A531E33A80B00CA2FD1 /* URLParametersTransformable.swift in Sources */,
				9E237AD11E34299800CA2FD1 /* ServiceAssembly.swift in Sources */,
				9E237A7B1E33EC2500CA2FD1 /* MainRouter.swift in Sources */,
				9E237AC41E341A8F00CA2FD1 /* GithubViewOutput.swift in Sources */,
				9E237ACD1E34224900CA2FD1 /* MainModuleOutputProvider.swift in Sources */,
				9E237AFE1E343BB700CA2FD1 /* HelperAssemblyImplementation.swift in Sources */,
				9E237A3B1E339CFC00CA2FD1 /* NetworkClientImplementation.swift in Sources */,
				9E237A841E33ED9D00CA2FD1 /* ApplicationAssembly.swift in Sources */,
				9E237A431E33A19500CA2FD1 /* RequestBuilderConfiguration.swift in Sources */,
				9E237B2A1E34D24700CA2FD1 /* TableViewDataDisplayManager.swift in Sources */,
				9E237A741E33EA3B00CA2FD1 /* UIViewController.swift in Sources */,
				9E237B0D1E34C77200CA2FD1 /* GithubViewModelFactory.swift in Sources */,
				9E237AD91E342A3C00CA2FD1 /* CoreAssembly.swift in Sources */,
				9E237B011E34B43E00CA2FD1 /* Dictionary.swift in Sources */,
				9E237A3F1E33A06F00CA2FD1 /* NetworkRequestConstants.swift in Sources */,
				9E237AAE1E340E8E00CA2FD1 /* ITunesAssembly.swift in Sources */,
				9E237AF71E34396200CA2FD1 /* ThrottlerImplementation.swift in Sources */,
				9E237A501E33A79800CA2FD1 /* URLBuilderImplementation.swift in Sources */,
				9E237A311E339BB800CA2FD1 /* Deserializer.swift in Sources */,
				9E237A271E33980300CA2FD1 /* AppDelegate.swift in Sources */,
				9E237AB41E34105400CA2FD1 /* GithubAssemblyImplementation.swift in Sources */,
				9E237A701E33E3FF00CA2FD1 /* ViewControllerEmbedding.swift in Sources */,
			);
			runOnlyForDeploymentPostprocessing = 0;
		};
		9E237A0D1E3396D300CA2FD1 /* Sources */ = {
			isa = PBXSourcesBuildPhase;
			buildActionMask = 2147483647;
			files = (
				9E237AEB1E342DFB00CA2FD1 /* GithubInteractorInput.swift in Sources */,
				9E237A661E33B4E800CA2FD1 /* GithubRepository.swift in Sources */,
				9E237A401E33A06F00CA2FD1 /* NetworkRequestConstants.swift in Sources */,
				9E237B171E34C90800CA2FD1 /* LeftDescriptionCell.swift in Sources */,
				9E237A351E339BFC00CA2FD1 /* JSONDeserializer.swift in Sources */,
				9E237A321E339BB800CA2FD1 /* Deserializer.swift in Sources */,
				9E237AC81E341CE100CA2FD1 /* MainModuleInputProvider.swift in Sources */,
				9E237AAF1E340E8E00CA2FD1 /* ITunesAssembly.swift in Sources */,
				9E237B121E34C8B900CA2FD1 /* RightDescriptionCell.swift in Sources */,
				9E237AEE1E342E4600CA2FD1 /* GithubInteractorOutput.swift in Sources */,
				9E237ADA1E342A3C00CA2FD1 /* CoreAssembly.swift in Sources */,
				9E237B3B1E34ECB000CA2FD1 /* ImageDownloaderService.swift in Sources */,
				9E237A4A1E33A37100CA2FD1 /* RequestBuilderImplementation.swift in Sources */,
				9E237A441E33A19500CA2FD1 /* RequestBuilderConfiguration.swift in Sources */,
				9E237B3E1E34ED6E00CA2FD1 /* ImageDownloaderServiceImplementation.swift in Sources */,
				9E237AE01E342B9A00CA2FD1 /* ServiceAssemblyImplementation.swift in Sources */,
				9E237AAB1E340DF400CA2FD1 /* GithubAssembly.swift in Sources */,
				9E237A5F1E33AC6A00CA2FD1 /* GithubRepositorySearchConfiguration.swift in Sources */,
				9E237A4E1E33A6CB00CA2FD1 /* URLBuilder.swift in Sources */,
				9E237AA31E340C9E00CA2FD1 /* AssemblyFactory.swift in Sources */,
				9E237A3C1E339CFC00CA2FD1 /* NetworkClientImplementation.swift in Sources */,
				9E237AFF1E343BB700CA2FD1 /* HelperAssemblyImplementation.swift in Sources */,
				9E237B0A1E34C6FA00CA2FD1 /* GithubDataDisplayManager.swift in Sources */,
				9E237A791E33EBE900CA2FD1 /* MainRouterInput.swift in Sources */,
				9E237ABE1E3419F300CA2FD1 /* MainModuleOutput.swift in Sources */,
				9E237A511E33A79800CA2FD1 /* URLBuilderImplementation.swift in Sources */,
				9E237B271E34CC6E00CA2FD1 /* GithubDataDisplayManagerImplementation.swift in Sources */,
				9E237A7C1E33EC2500CA2FD1 /* MainRouter.swift in Sources */,
				9E237A961E34086300CA2FD1 /* MainPresenter.swift in Sources */,
				9E237A471E33A32F00CA2FD1 /* RequestBuilder.swift in Sources */,
				9E237A281E33980300CA2FD1 /* AppDelegate.swift in Sources */,
				9E237AE31E342BE400CA2FD1 /* GithubServiceImplementation.swift in Sources */,
				9E237AB51E34105400CA2FD1 /* GithubAssemblyImplementation.swift in Sources */,
				9E237ACE1E34224900CA2FD1 /* MainModuleOutputProvider.swift in Sources */,
				9E237A811E33ED2300CA2FD1 /* GithubViewController.swift in Sources */,
				9E237B021E34B43E00CA2FD1 /* Dictionary.swift in Sources */,
				9E237B061E34C59300CA2FD1 /* ConfigurableCell.swift in Sources */,
				9E237A881E33FFA100CA2FD1 /* GithubViewInput.swift in Sources */,
				9E237A8C1E3405CD00CA2FD1 /* MainViewController.swift in Sources */,
				9E237AD21E34299800CA2FD1 /* ServiceAssembly.swift in Sources */,
				9E237A851E33ED9D00CA2FD1 /* ApplicationAssembly.swift in Sources */,
				9E237A6A1E33B5A200CA2FD1 /* GithubMapper.swift in Sources */,
				9E237AF11E342EC500CA2FD1 /* GithubInteractor.swift in Sources */,
				9E237B411E34F33400CA2FD1 /* ImageDownloaderConfiguration.swift in Sources */,
				9E237AC21E341A3600CA2FD1 /* GithubPresenter.swift in Sources */,
				9E237AFC1E343B9D00CA2FD1 /* HelperAssembly.swift in Sources */,
				9E237ACB1E341F3200CA2FD1 /* MainModuleInput.swift in Sources */,
				9E237AC51E341A8F00CA2FD1 /* GithubViewOutput.swift in Sources */,
				9E237B211E34C9BF00CA2FD1 /* GithubRepositoryViewModel.swift in Sources */,
				9E237A9C1E34099600CA2FD1 /* ITunesViewController.swift in Sources */,
				9E237AF81E34396200CA2FD1 /* ThrottlerImplementation.swift in Sources */,
				9E237AA71E340DB100CA2FD1 /* MainAssembly.swift in Sources */,
				9E237A751E33EA3B00CA2FD1 /* UIViewController.swift in Sources */,
				9E237A8F1E34068700CA2FD1 /* MainViewInput.swift in Sources */,
				9E237A6D1E33B5D500CA2FD1 /* GithubMapperImplementation.swift in Sources */,
				9E237AD61E342A1100CA2FD1 /* GithubService.swift in Sources */,
				9E237B451E34F49900CA2FD1 /* ImageCellDelegate.swift in Sources */,
				9E237A9F1E3409A700CA2FD1 /* ITunesViewInput.swift in Sources */,
				9E237ABB1E34139500CA2FD1 /* AssemblyFactoryImplementation.swift in Sources */,
				9E237A161E3396D300CA2FD1 /* GithubItunesViewerTests.swift in Sources */,
				9E237A571E33A89700CA2FD1 /* NetworkRequestErrors.swift in Sources */,
				9E237B241E34CA5A00CA2FD1 /* GithubViewModelFactoryImplementation.swift in Sources */,
				9E237B2B1E34D24700CA2FD1 /* TableViewDataDisplayManager.swift in Sources */,
				9E237AB21E340EBD00CA2FD1 /* ITunesAssemblyImplementation.swift in Sources */,
				9E237A541E33A80B00CA2FD1 /* URLParametersTransformable.swift in Sources */,
				9E237A711E33E3FF00CA2FD1 /* ViewControllerEmbedding.swift in Sources */,
				9E237B0E1E34C77200CA2FD1 /* GithubViewModelFactory.swift in Sources */,
				9E237ADD1E342AC200CA2FD1 /* CoreAssemblyImplementation.swift in Sources */,
				9E237AF51E3438E300CA2FD1 /* Throttler.swift in Sources */,
				9E237A921E34069800CA2FD1 /* MainViewOutput.swift in Sources */,
				9E237AB81E34108A00CA2FD1 /* MainAssemblyImplementation.swift in Sources */,
				9E237A391E339CCC00CA2FD1 /* NetworkClient.swift in Sources */,
			);
			runOnlyForDeploymentPostprocessing = 0;
		};
/* End PBXSourcesBuildPhase section */

/* Begin PBXTargetDependency section */
		9E237A131E3396D300CA2FD1 /* PBXTargetDependency */ = {
			isa = PBXTargetDependency;
			target = 9E2379FC1E3396D300CA2FD1 /* GithubItunesViewer */;
			targetProxy = 9E237A121E3396D300CA2FD1 /* PBXContainerItemProxy */;
		};
/* End PBXTargetDependency section */

/* Begin PBXVariantGroup section */
		9E237A041E3396D300CA2FD1 /* Main.storyboard */ = {
			isa = PBXVariantGroup;
			children = (
				9E237A051E3396D300CA2FD1 /* Base */,
			);
			name = Main.storyboard;
			sourceTree = "<group>";
		};
		9E237A091E3396D300CA2FD1 /* LaunchScreen.storyboard */ = {
			isa = PBXVariantGroup;
			children = (
				9E237A0A1E3396D300CA2FD1 /* Base */,
			);
			name = LaunchScreen.storyboard;
			sourceTree = "<group>";
		};
/* End PBXVariantGroup section */

/* Begin XCBuildConfiguration section */
		9E237A181E3396D300CA2FD1 /* Debug */ = {
			isa = XCBuildConfiguration;
			buildSettings = {
				ALWAYS_SEARCH_USER_PATHS = NO;
				CLANG_ANALYZER_NONNULL = YES;
				CLANG_CXX_LANGUAGE_STANDARD = "gnu++0x";
				CLANG_CXX_LIBRARY = "libc++";
				CLANG_ENABLE_MODULES = YES;
				CLANG_ENABLE_OBJC_ARC = YES;
				CLANG_WARN_BOOL_CONVERSION = YES;
				CLANG_WARN_CONSTANT_CONVERSION = YES;
				CLANG_WARN_DIRECT_OBJC_ISA_USAGE = YES_ERROR;
				CLANG_WARN_DOCUMENTATION_COMMENTS = YES;
				CLANG_WARN_EMPTY_BODY = YES;
				CLANG_WARN_ENUM_CONVERSION = YES;
				CLANG_WARN_INFINITE_RECURSION = YES;
				CLANG_WARN_INT_CONVERSION = YES;
				CLANG_WARN_OBJC_ROOT_CLASS = YES_ERROR;
				CLANG_WARN_SUSPICIOUS_MOVES = YES;
				CLANG_WARN_UNREACHABLE_CODE = YES;
				CLANG_WARN__DUPLICATE_METHOD_MATCH = YES;
				"CODE_SIGN_IDENTITY[sdk=iphoneos*]" = "iPhone Developer";
				COPY_PHASE_STRIP = NO;
				DEBUG_INFORMATION_FORMAT = dwarf;
				ENABLE_STRICT_OBJC_MSGSEND = YES;
				ENABLE_TESTABILITY = YES;
				GCC_C_LANGUAGE_STANDARD = gnu99;
				GCC_DYNAMIC_NO_PIC = NO;
				GCC_NO_COMMON_BLOCKS = YES;
				GCC_OPTIMIZATION_LEVEL = 0;
				GCC_PREPROCESSOR_DEFINITIONS = (
					"DEBUG=1",
					"$(inherited)",
				);
				GCC_WARN_64_TO_32_BIT_CONVERSION = YES;
				GCC_WARN_ABOUT_RETURN_TYPE = YES_ERROR;
				GCC_WARN_UNDECLARED_SELECTOR = YES;
				GCC_WARN_UNINITIALIZED_AUTOS = YES_AGGRESSIVE;
				GCC_WARN_UNUSED_FUNCTION = YES;
				GCC_WARN_UNUSED_VARIABLE = YES;
				IPHONEOS_DEPLOYMENT_TARGET = 10.1;
				MTL_ENABLE_DEBUG_INFO = YES;
				ONLY_ACTIVE_ARCH = YES;
				SDKROOT = iphoneos;
				SWIFT_ACTIVE_COMPILATION_CONDITIONS = DEBUG;
				SWIFT_OPTIMIZATION_LEVEL = "-Onone";
				TARGETED_DEVICE_FAMILY = "1,2";
			};
			name = Debug;
		};
		9E237A191E3396D300CA2FD1 /* Release */ = {
			isa = XCBuildConfiguration;
			buildSettings = {
				ALWAYS_SEARCH_USER_PATHS = NO;
				CLANG_ANALYZER_NONNULL = YES;
				CLANG_CXX_LANGUAGE_STANDARD = "gnu++0x";
				CLANG_CXX_LIBRARY = "libc++";
				CLANG_ENABLE_MODULES = YES;
				CLANG_ENABLE_OBJC_ARC = YES;
				CLANG_WARN_BOOL_CONVERSION = YES;
				CLANG_WARN_CONSTANT_CONVERSION = YES;
				CLANG_WARN_DIRECT_OBJC_ISA_USAGE = YES_ERROR;
				CLANG_WARN_DOCUMENTATION_COMMENTS = YES;
				CLANG_WARN_EMPTY_BODY = YES;
				CLANG_WARN_ENUM_CONVERSION = YES;
				CLANG_WARN_INFINITE_RECURSION = YES;
				CLANG_WARN_INT_CONVERSION = YES;
				CLANG_WARN_OBJC_ROOT_CLASS = YES_ERROR;
				CLANG_WARN_SUSPICIOUS_MOVES = YES;
				CLANG_WARN_UNREACHABLE_CODE = YES;
				CLANG_WARN__DUPLICATE_METHOD_MATCH = YES;
				"CODE_SIGN_IDENTITY[sdk=iphoneos*]" = "iPhone Developer";
				COPY_PHASE_STRIP = NO;
				DEBUG_INFORMATION_FORMAT = "dwarf-with-dsym";
				ENABLE_NS_ASSERTIONS = NO;
				ENABLE_STRICT_OBJC_MSGSEND = YES;
				GCC_C_LANGUAGE_STANDARD = gnu99;
				GCC_NO_COMMON_BLOCKS = YES;
				GCC_WARN_64_TO_32_BIT_CONVERSION = YES;
				GCC_WARN_ABOUT_RETURN_TYPE = YES_ERROR;
				GCC_WARN_UNDECLARED_SELECTOR = YES;
				GCC_WARN_UNINITIALIZED_AUTOS = YES_AGGRESSIVE;
				GCC_WARN_UNUSED_FUNCTION = YES;
				GCC_WARN_UNUSED_VARIABLE = YES;
				IPHONEOS_DEPLOYMENT_TARGET = 10.1;
				MTL_ENABLE_DEBUG_INFO = NO;
				SDKROOT = iphoneos;
				SWIFT_OPTIMIZATION_LEVEL = "-Owholemodule";
				TARGETED_DEVICE_FAMILY = "1,2";
				VALIDATE_PRODUCT = YES;
			};
			name = Release;
		};
		9E237A1B1E3396D300CA2FD1 /* Debug */ = {
			isa = XCBuildConfiguration;
			buildSettings = {
				ASSETCATALOG_COMPILER_APPICON_NAME = AppIcon;
				INFOPLIST_FILE = GithubItunesViewer/Info.plist;
				LD_RUNPATH_SEARCH_PATHS = "$(inherited) @executable_path/Frameworks";
				PRODUCT_BUNDLE_IDENTIFIER = RDS.GithubItunesViewer;
				PRODUCT_NAME = "$(TARGET_NAME)";
				SWIFT_VERSION = 3.0;
			};
			name = Debug;
		};
		9E237A1C1E3396D300CA2FD1 /* Release */ = {
			isa = XCBuildConfiguration;
			buildSettings = {
				ASSETCATALOG_COMPILER_APPICON_NAME = AppIcon;
				INFOPLIST_FILE = GithubItunesViewer/Info.plist;
				LD_RUNPATH_SEARCH_PATHS = "$(inherited) @executable_path/Frameworks";
				PRODUCT_BUNDLE_IDENTIFIER = RDS.GithubItunesViewer;
				PRODUCT_NAME = "$(TARGET_NAME)";
				SWIFT_VERSION = 3.0;
			};
			name = Release;
		};
		9E237A1E1E3396D300CA2FD1 /* Debug */ = {
			isa = XCBuildConfiguration;
			buildSettings = {
				ALWAYS_EMBED_SWIFT_STANDARD_LIBRARIES = YES;
				BUNDLE_LOADER = "$(TEST_HOST)";
				INFOPLIST_FILE = GithubItunesViewerTests/Info.plist;
				LD_RUNPATH_SEARCH_PATHS = "$(inherited) @executable_path/Frameworks @loader_path/Frameworks";
				PRODUCT_BUNDLE_IDENTIFIER = RDS.GithubItunesViewerTests;
				PRODUCT_NAME = "$(TARGET_NAME)";
				SWIFT_VERSION = 3.0;
				TEST_HOST = "$(BUILT_PRODUCTS_DIR)/GithubItunesViewer.app/GithubItunesViewer";
			};
			name = Debug;
		};
		9E237A1F1E3396D300CA2FD1 /* Release */ = {
			isa = XCBuildConfiguration;
			buildSettings = {
				ALWAYS_EMBED_SWIFT_STANDARD_LIBRARIES = YES;
				BUNDLE_LOADER = "$(TEST_HOST)";
				INFOPLIST_FILE = GithubItunesViewerTests/Info.plist;
				LD_RUNPATH_SEARCH_PATHS = "$(inherited) @executable_path/Frameworks @loader_path/Frameworks";
				PRODUCT_BUNDLE_IDENTIFIER = RDS.GithubItunesViewerTests;
				PRODUCT_NAME = "$(TARGET_NAME)";
				SWIFT_VERSION = 3.0;
				TEST_HOST = "$(BUILT_PRODUCTS_DIR)/GithubItunesViewer.app/GithubItunesViewer";
			};
			name = Release;
		};
/* End XCBuildConfiguration section */

/* Begin XCConfigurationList section */
		9E2379F81E3396D300CA2FD1 /* Build configuration list for PBXProject "GithubItunesViewer" */ = {
			isa = XCConfigurationList;
			buildConfigurations = (
				9E237A181E3396D300CA2FD1 /* Debug */,
				9E237A191E3396D300CA2FD1 /* Release */,
			);
			defaultConfigurationIsVisible = 0;
			defaultConfigurationName = Release;
		};
		9E237A1A1E3396D300CA2FD1 /* Build configuration list for PBXNativeTarget "GithubItunesViewer" */ = {
			isa = XCConfigurationList;
			buildConfigurations = (
				9E237A1B1E3396D300CA2FD1 /* Debug */,
				9E237A1C1E3396D300CA2FD1 /* Release */,
			);
			defaultConfigurationIsVisible = 0;
		};
		9E237A1D1E3396D300CA2FD1 /* Build configuration list for PBXNativeTarget "GithubItunesViewerTests" */ = {
			isa = XCConfigurationList;
			buildConfigurations = (
				9E237A1E1E3396D300CA2FD1 /* Debug */,
				9E237A1F1E3396D300CA2FD1 /* Release */,
			);
			defaultConfigurationIsVisible = 0;
		};
/* End XCConfigurationList section */
	};
	rootObject = 9E2379F51E3396D300CA2FD1 /* Project object */;
}
